// !$*UTF8*$!
{
	archiveVersion = 1;
	classes = {
	};
	objectVersion = 51;
	objects = {

/* Begin PBXBuildFile section */
		14A867A249545BD2C61A865A /* Pods_iPadOS_Emergency_Indoor_Nav.framework in Frameworks */ = {isa = PBXBuildFile; fileRef = CBDA27C4F3020973A7A36B05 /* Pods_iPadOS_Emergency_Indoor_Nav.framework */; };
		6D1F0F5D784A9E55434CB180 /* Pods_iPadOS_Emergency_Indoor_Nav_iPadOS_Emergency_Indoor_NavUITests.framework in Frameworks */ = {isa = PBXBuildFile; fileRef = D192EF89D70DF670C6CC981C /* Pods_iPadOS_Emergency_Indoor_Nav_iPadOS_Emergency_Indoor_NavUITests.framework */; };
		82099E32EC3E815443A03499 /* Pods_iPadOS_Emergency_Indoor_NavTests.framework in Frameworks */ = {isa = PBXBuildFile; fileRef = 6806699D156C546DAC052A3D /* Pods_iPadOS_Emergency_Indoor_NavTests.framework */; };
		DB01EDB42630FF80001CA346 /* IoTUseCases.swift in Sources */ = {isa = PBXBuildFile; fileRef = DB01EDB32630FF80001CA346 /* IoTUseCases.swift */; };
		DB075BDF262A536D004971E8 /* BlockedAreas.swift in Sources */ = {isa = PBXBuildFile; fileRef = DB075BDE262A536D004971E8 /* BlockedAreas.swift */; };
		DB6FFF55261FBE8800B75415 /* DataUploader.swift in Sources */ = {isa = PBXBuildFile; fileRef = DB6FFF54261FBE8800B75415 /* DataUploader.swift */; };
		DB6FFF75261FD2E800B75415 /* SettingsTVC.swift in Sources */ = {isa = PBXBuildFile; fileRef = DB6FFF74261FD2E800B75415 /* SettingsTVC.swift */; };
		DB6FFF90261FE12600B75415 /* BuildingUseCase.swift in Sources */ = {isa = PBXBuildFile; fileRef = DB6FFF8F261FE12600B75415 /* BuildingUseCase.swift */; };
		DB9D0099261546630025269D /* Pulsing.swift in Sources */ = {isa = PBXBuildFile; fileRef = DB9D0098261546630025269D /* Pulsing.swift */; };
		DB9D009F261547720025269D /* IoTs.plist in Resources */ = {isa = PBXBuildFile; fileRef = DB9D009D261547720025269D /* IoTs.plist */; };
		DB9D00A0261547720025269D /* SafeRegions.plist in Resources */ = {isa = PBXBuildFile; fileRef = DB9D009E261547720025269D /* SafeRegions.plist */; };
		DB9D00B3261547C20025269D /* RemoteAPIProtocols.swift in Sources */ = {isa = PBXBuildFile; fileRef = DB9D00A6261547C20025269D /* RemoteAPIProtocols.swift */; };
		DB9D00B4261547C20025269D /* MobileUserAmplifyAPI.swift in Sources */ = {isa = PBXBuildFile; fileRef = DB9D00A8261547C20025269D /* MobileUserAmplifyAPI.swift */; };
		DB9D00B6261547C20025269D /* SafeRegion.swift in Sources */ = {isa = PBXBuildFile; fileRef = DB9D00AB261547C20025269D /* SafeRegion.swift */; };
		DB9D00B7261547C20025269D /* RemoteCommands.swift in Sources */ = {isa = PBXBuildFile; fileRef = DB9D00AC261547C20025269D /* RemoteCommands.swift */; };
		DB9D00B8261547C20025269D /* UpdateLocationUseCase.swift in Sources */ = {isa = PBXBuildFile; fileRef = DB9D00AF261547C20025269D /* UpdateLocationUseCase.swift */; };
		DB9D00B9261547C20025269D /* CreateUserUseCase.swift in Sources */ = {isa = PBXBuildFile; fileRef = DB9D00B0261547C20025269D /* CreateUserUseCase.swift */; };
		DB9D00BA261547C20025269D /* UpdateDeviceTokenIdUseCase.swift in Sources */ = {isa = PBXBuildFile; fileRef = DB9D00B1261547C20025269D /* UpdateDeviceTokenIdUseCase.swift */; };
		DB9D00BB261547C20025269D /* UseCase.swift in Sources */ = {isa = PBXBuildFile; fileRef = DB9D00B2261547C20025269D /* UseCase.swift */; };
		DB9D00C0261549AC0025269D /* NameSpaces.swift in Sources */ = {isa = PBXBuildFile; fileRef = DB9D00BF261549AC0025269D /* NameSpaces.swift */; };
		DB9F77BA2613F46E00FA362A /* awsconfiguration.json in Resources */ = {isa = PBXBuildFile; fileRef = DB9F77B82613F46E00FA362A /* awsconfiguration.json */; };
		DB9F77BB2613F46E00FA362A /* amplifyconfiguration.json in Resources */ = {isa = PBXBuildFile; fileRef = DB9F77B92613F46E00FA362A /* amplifyconfiguration.json */; };
		DB9F7815261542F600FA362A /* IndoorMapViewController+MKMapViewDelegate.swift in Sources */ = {isa = PBXBuildFile; fileRef = DB9F7802261542F600FA362A /* IndoorMapViewController+MKMapViewDelegate.swift */; };
		DB9F7816261542F600FA362A /* Styles.swift in Sources */ = {isa = PBXBuildFile; fileRef = DB9F7803261542F600FA362A /* Styles.swift */; };
		DB9F7817261542F600FA362A /* IMDFDecoder.swift in Sources */ = {isa = PBXBuildFile; fileRef = DB9F7804261542F600FA362A /* IMDFDecoder.swift */; };
		DB9F7818261542F600FA362A /* IndoorMapViewController.swift in Sources */ = {isa = PBXBuildFile; fileRef = DB9F7805261542F600FA362A /* IndoorMapViewController.swift */; };
		DB9F7819261542F600FA362A /* PointAnnotationView.swift in Sources */ = {isa = PBXBuildFile; fileRef = DB9F7807261542F600FA362A /* PointAnnotationView.swift */; };
		DB9F781A261542F600FA362A /* LevelPickerView.swift in Sources */ = {isa = PBXBuildFile; fileRef = DB9F7808261542F600FA362A /* LevelPickerView.swift */; };
		DB9F781B261542F600FA362A /* LabelAnnotationView.swift in Sources */ = {isa = PBXBuildFile; fileRef = DB9F7809261542F600FA362A /* LabelAnnotationView.swift */; };
		DB9F781C261542F600FA362A /* Feature.swift in Sources */ = {isa = PBXBuildFile; fileRef = DB9F780B261542F600FA362A /* Feature.swift */; };
		DB9F781D261542F600FA362A /* Anchor.swift in Sources */ = {isa = PBXBuildFile; fileRef = DB9F780C261542F600FA362A /* Anchor.swift */; };
		DB9F781E261542F600FA362A /* Venue.swift in Sources */ = {isa = PBXBuildFile; fileRef = DB9F780D261542F600FA362A /* Venue.swift */; };
		DB9F781F261542F600FA362A /* Unit.swift in Sources */ = {isa = PBXBuildFile; fileRef = DB9F780E261542F600FA362A /* Unit.swift */; };
		DB9F7820261542F600FA362A /* Amenity.swift in Sources */ = {isa = PBXBuildFile; fileRef = DB9F780F261542F600FA362A /* Amenity.swift */; };
		DB9F7821261542F600FA362A /* Occupant.swift in Sources */ = {isa = PBXBuildFile; fileRef = DB9F7810261542F600FA362A /* Occupant.swift */; };
		DB9F7822261542F600FA362A /* LocalizedName.swift in Sources */ = {isa = PBXBuildFile; fileRef = DB9F7811261542F600FA362A /* LocalizedName.swift */; };
		DB9F7823261542F600FA362A /* Opening.swift in Sources */ = {isa = PBXBuildFile; fileRef = DB9F7812261542F600FA362A /* Opening.swift */; };
		DB9F7824261542F600FA362A /* Level.swift in Sources */ = {isa = PBXBuildFile; fileRef = DB9F7813261542F600FA362A /* Level.swift */; };
		DB9F7825261542F600FA362A /* IndoorMapViewController+LocationManagerDelegate.swift in Sources */ = {isa = PBXBuildFile; fileRef = DB9F7814261542F600FA362A /* IndoorMapViewController+LocationManagerDelegate.swift */; };
		DBA27C332620C7BA0071C4AB /* AlertCell.xib in Resources */ = {isa = PBXBuildFile; fileRef = DBA27C322620C7BA0071C4AB /* AlertCell.xib */; };
		DBA27C382620C9050071C4AB /* AlertTableViewCell.swift in Sources */ = {isa = PBXBuildFile; fileRef = DBA27C372620C9050071C4AB /* AlertTableViewCell.swift */; };
		DBA27C402620D1E70071C4AB /* IoTCell.xib in Resources */ = {isa = PBXBuildFile; fileRef = DBA27C3F2620D1E70071C4AB /* IoTCell.xib */; };
		DBA27C452620D2430071C4AB /* IoTTableViewCell.swift in Sources */ = {isa = PBXBuildFile; fileRef = DBA27C442620D2430071C4AB /* IoTTableViewCell.swift */; };
		DBBA4D432612ACDE00A30E9F /* AppDelegate.swift in Sources */ = {isa = PBXBuildFile; fileRef = DBBA4D422612ACDE00A30E9F /* AppDelegate.swift */; };
		DBBA4D452612ACDE00A30E9F /* SceneDelegate.swift in Sources */ = {isa = PBXBuildFile; fileRef = DBBA4D442612ACDE00A30E9F /* SceneDelegate.swift */; };
		DBBA4D472612ACDE00A30E9F /* ViewController.swift in Sources */ = {isa = PBXBuildFile; fileRef = DBBA4D462612ACDE00A30E9F /* ViewController.swift */; };
		DBBA4D4A2612ACDE00A30E9F /* Main.storyboard in Resources */ = {isa = PBXBuildFile; fileRef = DBBA4D482612ACDE00A30E9F /* Main.storyboard */; };
		DBBA4D4F2612ACDE00A30E9F /* LaunchScreen.storyboard in Resources */ = {isa = PBXBuildFile; fileRef = DBBA4D4D2612ACDE00A30E9F /* LaunchScreen.storyboard */; };
		DBBA4D5A2612ACDF00A30E9F /* iPadOS_Emergency_Indoor_NavTests.swift in Sources */ = {isa = PBXBuildFile; fileRef = DBBA4D592612ACDF00A30E9F /* iPadOS_Emergency_Indoor_NavTests.swift */; };
		DBBA4D652612ACDF00A30E9F /* iPadOS_Emergency_Indoor_NavUITests.swift in Sources */ = {isa = PBXBuildFile; fileRef = DBBA4D642612ACDF00A30E9F /* iPadOS_Emergency_Indoor_NavUITests.swift */; };
		DBE84FFD261D2B3400C848C3 /* Edge.swift in Sources */ = {isa = PBXBuildFile; fileRef = DBE84FF4261D2B3400C848C3 /* Edge.swift */; };
		DBE84FFE261D2B3400C848C3 /* Building.swift in Sources */ = {isa = PBXBuildFile; fileRef = DBE84FF5261D2B3400C848C3 /* Building.swift */; };
		DBE84FFF261D2B3400C848C3 /* MobileUser.swift in Sources */ = {isa = PBXBuildFile; fileRef = DBE84FF6261D2B3400C848C3 /* MobileUser.swift */; };
		DBE85000261D2B3400C848C3 /* Edge+Schema.swift in Sources */ = {isa = PBXBuildFile; fileRef = DBE84FF7261D2B3400C848C3 /* Edge+Schema.swift */; };
		DBE85001261D2B3400C848C3 /* IoT+Schema.swift in Sources */ = {isa = PBXBuildFile; fileRef = DBE84FF8261D2B3400C848C3 /* IoT+Schema.swift */; };
		DBE85002261D2B3400C848C3 /* AmplifyModels.swift in Sources */ = {isa = PBXBuildFile; fileRef = DBE84FF9261D2B3400C848C3 /* AmplifyModels.swift */; };
		DBE85003261D2B3400C848C3 /* MobileUser+Schema.swift in Sources */ = {isa = PBXBuildFile; fileRef = DBE84FFA261D2B3400C848C3 /* MobileUser+Schema.swift */; };
		DBE85004261D2B3400C848C3 /* Building+Schema.swift in Sources */ = {isa = PBXBuildFile; fileRef = DBE84FFB261D2B3400C848C3 /* Building+Schema.swift */; };
		DBE85005261D2B3400C848C3 /* IoT.swift in Sources */ = {isa = PBXBuildFile; fileRef = DBE84FFC261D2B3400C848C3 /* IoT.swift */; };
		DBE85027261D3F1600C848C3 /* BuildingAmplifyAPI.swift in Sources */ = {isa = PBXBuildFile; fileRef = DBE85026261D3F1600C848C3 /* BuildingAmplifyAPI.swift */; };
		DBE85049261E629000C848C3 /* IoTAmplifyAPI.swift in Sources */ = {isa = PBXBuildFile; fileRef = DBE85048261E629000C848C3 /* IoTAmplifyAPI.swift */; };
		DBE8504E261E655A00C848C3 /* CRUDIoTUseCase.swift in Sources */ = {isa = PBXBuildFile; fileRef = DBE8504D261E655A00C848C3 /* CRUDIoTUseCase.swift */; };
		DBE85053261E954F00C848C3 /* EdgeAmplifyAPI.swift in Sources */ = {isa = PBXBuildFile; fileRef = DBE85052261E954F00C848C3 /* EdgeAmplifyAPI.swift */; };
		DBF4121E26154F0000FC4A24 /* IMDFData in Resources */ = {isa = PBXBuildFile; fileRef = DBF4121D26154F0000FC4A24 /* IMDFData */; };
		DBF4124B2615560B00FC4A24 /* W-16.gpx in Resources */ = {isa = PBXBuildFile; fileRef = DBF412232615560B00FC4A24 /* W-16.gpx */; };
		DBF4124C2615560B00FC4A24 /* R-D1.gpx in Resources */ = {isa = PBXBuildFile; fileRef = DBF412242615560B00FC4A24 /* R-D1.gpx */; };
		DBF4124D2615560B00FC4A24 /* W-1.gpx in Resources */ = {isa = PBXBuildFile; fileRef = DBF412252615560B00FC4A24 /* W-1.gpx */; };
		DBF4124E2615560B00FC4A24 /* W-17.gpx in Resources */ = {isa = PBXBuildFile; fileRef = DBF412262615560B00FC4A24 /* W-17.gpx */; };
		DBF4124F2615560B00FC4A24 /* W-15.gpx in Resources */ = {isa = PBXBuildFile; fileRef = DBF412272615560B00FC4A24 /* W-15.gpx */; };
		DBF412502615560B00FC4A24 /* W-3.gpx in Resources */ = {isa = PBXBuildFile; fileRef = DBF412282615560B00FC4A24 /* W-3.gpx */; };
		DBF412512615560B00FC4A24 /* R-H1.gpx in Resources */ = {isa = PBXBuildFile; fileRef = DBF412292615560B00FC4A24 /* R-H1.gpx */; };
		DBF412522615560B00FC4A24 /* R-D2.gpx in Resources */ = {isa = PBXBuildFile; fileRef = DBF4122A2615560B00FC4A24 /* R-D2.gpx */; };
		DBF412532615560B00FC4A24 /* W-2.gpx in Resources */ = {isa = PBXBuildFile; fileRef = DBF4122B2615560B00FC4A24 /* W-2.gpx */; };
		DBF412542615560B00FC4A24 /* W-14.gpx in Resources */ = {isa = PBXBuildFile; fileRef = DBF4122C2615560B00FC4A24 /* W-14.gpx */; };
		DBF412552615560B00FC4A24 /* W-10.gpx in Resources */ = {isa = PBXBuildFile; fileRef = DBF4122D2615560B00FC4A24 /* W-10.gpx */; };
		DBF412562615560B00FC4A24 /* W-6.gpx in Resources */ = {isa = PBXBuildFile; fileRef = DBF4122E2615560B00FC4A24 /* W-6.gpx */; };
		DBF412572615560B00FC4A24 /* R-I1.gpx in Resources */ = {isa = PBXBuildFile; fileRef = DBF4122F2615560B00FC4A24 /* R-I1.gpx */; };
		DBF412582615560B00FC4A24 /* W-7.gpx in Resources */ = {isa = PBXBuildFile; fileRef = DBF412302615560B00FC4A24 /* W-7.gpx */; };
		DBF412592615560B00FC4A24 /* W-11.gpx in Resources */ = {isa = PBXBuildFile; fileRef = DBF412312615560B00FC4A24 /* W-11.gpx */; };
		DBF4125A2615560B00FC4A24 /* W-13.gpx in Resources */ = {isa = PBXBuildFile; fileRef = DBF412322615560B00FC4A24 /* W-13.gpx */; };
		DBF4125B2615560B00FC4A24 /* W-5.gpx in Resources */ = {isa = PBXBuildFile; fileRef = DBF412332615560B00FC4A24 /* W-5.gpx */; };
		DBF4125C2615560B00FC4A24 /* R-E1.gpx in Resources */ = {isa = PBXBuildFile; fileRef = DBF412342615560B00FC4A24 /* R-E1.gpx */; };
		DBF4125D2615560B00FC4A24 /* W-4.gpx in Resources */ = {isa = PBXBuildFile; fileRef = DBF412352615560B00FC4A24 /* W-4.gpx */; };
		DBF4125E2615560B00FC4A24 /* W-12.gpx in Resources */ = {isa = PBXBuildFile; fileRef = DBF412362615560B00FC4A24 /* W-12.gpx */; };
		DBF4125F2615560B00FC4A24 /* R-N1.gpx in Resources */ = {isa = PBXBuildFile; fileRef = DBF412372615560B00FC4A24 /* R-N1.gpx */; };
		DBF412602615560B00FC4A24 /* R-B2.gpx in Resources */ = {isa = PBXBuildFile; fileRef = DBF412382615560B00FC4A24 /* R-B2.gpx */; };
		DBF412612615560B00FC4A24 /* R-B1.gpx in Resources */ = {isa = PBXBuildFile; fileRef = DBF412392615560B00FC4A24 /* R-B1.gpx */; };
		DBF412622615560B00FC4A24 /* R-C1.gpx in Resources */ = {isa = PBXBuildFile; fileRef = DBF4123A2615560B00FC4A24 /* R-C1.gpx */; };
		DBF412632615560B00FC4A24 /* R-C2.gpx in Resources */ = {isa = PBXBuildFile; fileRef = DBF4123B2615560B00FC4A24 /* R-C2.gpx */; };
		DBF412642615560B00FC4A24 /* R-M2.gpx in Resources */ = {isa = PBXBuildFile; fileRef = DBF4123C2615560B00FC4A24 /* R-M2.gpx */; };
		DBF412652615560B00FC4A24 /* R-A1.gpx in Resources */ = {isa = PBXBuildFile; fileRef = DBF4123D2615560B00FC4A24 /* R-A1.gpx */; };
		DBF412662615560B00FC4A24 /* R-M3.gpx in Resources */ = {isa = PBXBuildFile; fileRef = DBF4123E2615560B00FC4A24 /* R-M3.gpx */; };
		DBF412672615560B00FC4A24 /* R-M1.gpx in Resources */ = {isa = PBXBuildFile; fileRef = DBF4123F2615560B00FC4A24 /* R-M1.gpx */; };
		DBF412682615560B00FC4A24 /* R-A2.gpx in Resources */ = {isa = PBXBuildFile; fileRef = DBF412402615560B00FC4A24 /* R-A2.gpx */; };
		DBF412692615560B00FC4A24 /* W-23.gpx in Resources */ = {isa = PBXBuildFile; fileRef = DBF412412615560B00FC4A24 /* W-23.gpx */; };
		DBF4126A2615560B00FC4A24 /* W-9.gpx in Resources */ = {isa = PBXBuildFile; fileRef = DBF412422615560B00FC4A24 /* W-9.gpx */; };
		DBF4126B2615560B00FC4A24 /* R-F1.gpx in Resources */ = {isa = PBXBuildFile; fileRef = DBF412432615560B00FC4A24 /* R-F1.gpx */; };
		DBF4126C2615560B00FC4A24 /* W-8.gpx in Resources */ = {isa = PBXBuildFile; fileRef = DBF412442615560B00FC4A24 /* W-8.gpx */; };
		DBF4126D2615560B00FC4A24 /* W-22.gpx in Resources */ = {isa = PBXBuildFile; fileRef = DBF412452615560B00FC4A24 /* W-22.gpx */; };
		DBF4126E2615560B00FC4A24 /* W-20.gpx in Resources */ = {isa = PBXBuildFile; fileRef = DBF412462615560B00FC4A24 /* W-20.gpx */; };
		DBF4126F2615560B00FC4A24 /* W-21.gpx in Resources */ = {isa = PBXBuildFile; fileRef = DBF412472615560B00FC4A24 /* W-21.gpx */; };
		DBF412702615560B00FC4A24 /* W-19.gpx in Resources */ = {isa = PBXBuildFile; fileRef = DBF412482615560B00FC4A24 /* W-19.gpx */; };
		DBF412712615560B00FC4A24 /* W-18.gpx in Resources */ = {isa = PBXBuildFile; fileRef = DBF412492615560B00FC4A24 /* W-18.gpx */; };
		DBF412722615560B00FC4A24 /* R-G1.gpx in Resources */ = {isa = PBXBuildFile; fileRef = DBF4124A2615560B00FC4A24 /* R-G1.gpx */; };
		DBF4127A26155CE600FC4A24 /* Assets.xcassets in Resources */ = {isa = PBXBuildFile; fileRef = DBF4127926155CE600FC4A24 /* Assets.xcassets */; };
/* End PBXBuildFile section */

/* Begin PBXContainerItemProxy section */
		DBBA4D562612ACDF00A30E9F /* PBXContainerItemProxy */ = {
			isa = PBXContainerItemProxy;
			containerPortal = DBBA4D372612ACDE00A30E9F /* Project object */;
			proxyType = 1;
			remoteGlobalIDString = DBBA4D3E2612ACDE00A30E9F;
			remoteInfo = iPadOS_Emergency_Indoor_Nav;
		};
		DBBA4D612612ACDF00A30E9F /* PBXContainerItemProxy */ = {
			isa = PBXContainerItemProxy;
			containerPortal = DBBA4D372612ACDE00A30E9F /* Project object */;
			proxyType = 1;
			remoteGlobalIDString = DBBA4D3E2612ACDE00A30E9F;
			remoteInfo = iPadOS_Emergency_Indoor_Nav;
		};
/* End PBXContainerItemProxy section */

/* Begin PBXFileReference section */
		044079E07CC5C566A61B17B1 /* Pods-iPadOS_Emergency_Indoor_Nav.debug.xcconfig */ = {isa = PBXFileReference; includeInIndex = 1; lastKnownFileType = text.xcconfig; name = "Pods-iPadOS_Emergency_Indoor_Nav.debug.xcconfig"; path = "Target Support Files/Pods-iPadOS_Emergency_Indoor_Nav/Pods-iPadOS_Emergency_Indoor_Nav.debug.xcconfig"; sourceTree = "<group>"; };
		1E3FEC2089C5AEAFECEA0A38 /* Pods-iPadOS_Emergency_Indoor_Nav-iPadOS_Emergency_Indoor_NavUITests.release.xcconfig */ = {isa = PBXFileReference; includeInIndex = 1; lastKnownFileType = text.xcconfig; name = "Pods-iPadOS_Emergency_Indoor_Nav-iPadOS_Emergency_Indoor_NavUITests.release.xcconfig"; path = "Target Support Files/Pods-iPadOS_Emergency_Indoor_Nav-iPadOS_Emergency_Indoor_NavUITests/Pods-iPadOS_Emergency_Indoor_Nav-iPadOS_Emergency_Indoor_NavUITests.release.xcconfig"; sourceTree = "<group>"; };
		552C624EAC1E68C8C20B732E /* Pods-iPadOS_Emergency_Indoor_NavTests.debug.xcconfig */ = {isa = PBXFileReference; includeInIndex = 1; lastKnownFileType = text.xcconfig; name = "Pods-iPadOS_Emergency_Indoor_NavTests.debug.xcconfig"; path = "Target Support Files/Pods-iPadOS_Emergency_Indoor_NavTests/Pods-iPadOS_Emergency_Indoor_NavTests.debug.xcconfig"; sourceTree = "<group>"; };
		6806699D156C546DAC052A3D /* Pods_iPadOS_Emergency_Indoor_NavTests.framework */ = {isa = PBXFileReference; explicitFileType = wrapper.framework; includeInIndex = 0; path = Pods_iPadOS_Emergency_Indoor_NavTests.framework; sourceTree = BUILT_PRODUCTS_DIR; };
		6BEC9150E8B0012CBA2B98D1 /* Pods-iPadOS_Emergency_Indoor_Nav.release.xcconfig */ = {isa = PBXFileReference; includeInIndex = 1; lastKnownFileType = text.xcconfig; name = "Pods-iPadOS_Emergency_Indoor_Nav.release.xcconfig"; path = "Target Support Files/Pods-iPadOS_Emergency_Indoor_Nav/Pods-iPadOS_Emergency_Indoor_Nav.release.xcconfig"; sourceTree = "<group>"; };
		97E9543B91BC5925251438B6 /* Pods-iPadOS_Emergency_Indoor_NavTests.release.xcconfig */ = {isa = PBXFileReference; includeInIndex = 1; lastKnownFileType = text.xcconfig; name = "Pods-iPadOS_Emergency_Indoor_NavTests.release.xcconfig"; path = "Target Support Files/Pods-iPadOS_Emergency_Indoor_NavTests/Pods-iPadOS_Emergency_Indoor_NavTests.release.xcconfig"; sourceTree = "<group>"; };
		CBDA27C4F3020973A7A36B05 /* Pods_iPadOS_Emergency_Indoor_Nav.framework */ = {isa = PBXFileReference; explicitFileType = wrapper.framework; includeInIndex = 0; path = Pods_iPadOS_Emergency_Indoor_Nav.framework; sourceTree = BUILT_PRODUCTS_DIR; };
		D192EF89D70DF670C6CC981C /* Pods_iPadOS_Emergency_Indoor_Nav_iPadOS_Emergency_Indoor_NavUITests.framework */ = {isa = PBXFileReference; explicitFileType = wrapper.framework; includeInIndex = 0; path = Pods_iPadOS_Emergency_Indoor_Nav_iPadOS_Emergency_Indoor_NavUITests.framework; sourceTree = BUILT_PRODUCTS_DIR; };
		DB01EDB32630FF80001CA346 /* IoTUseCases.swift */ = {isa = PBXFileReference; lastKnownFileType = sourcecode.swift; path = IoTUseCases.swift; sourceTree = "<group>"; };
		DB075BDE262A536D004971E8 /* BlockedAreas.swift */ = {isa = PBXFileReference; lastKnownFileType = sourcecode.swift; path = BlockedAreas.swift; sourceTree = "<group>"; };
		DB6FFF54261FBE8800B75415 /* DataUploader.swift */ = {isa = PBXFileReference; lastKnownFileType = sourcecode.swift; path = DataUploader.swift; sourceTree = "<group>"; };
		DB6FFF74261FD2E800B75415 /* SettingsTVC.swift */ = {isa = PBXFileReference; lastKnownFileType = sourcecode.swift; path = SettingsTVC.swift; sourceTree = "<group>"; };
		DB6FFF8F261FE12600B75415 /* BuildingUseCase.swift */ = {isa = PBXFileReference; lastKnownFileType = sourcecode.swift; path = BuildingUseCase.swift; sourceTree = "<group>"; };
		DB9D0098261546630025269D /* Pulsing.swift */ = {isa = PBXFileReference; fileEncoding = 4; lastKnownFileType = sourcecode.swift; path = Pulsing.swift; sourceTree = "<group>"; };
		DB9D009D261547720025269D /* IoTs.plist */ = {isa = PBXFileReference; fileEncoding = 4; lastKnownFileType = text.plist.xml; path = IoTs.plist; sourceTree = "<group>"; };
		DB9D009E261547720025269D /* SafeRegions.plist */ = {isa = PBXFileReference; fileEncoding = 4; lastKnownFileType = text.plist.xml; path = SafeRegions.plist; sourceTree = "<group>"; };
		DB9D00A6261547C20025269D /* RemoteAPIProtocols.swift */ = {isa = PBXFileReference; fileEncoding = 4; lastKnownFileType = sourcecode.swift; path = RemoteAPIProtocols.swift; sourceTree = "<group>"; };
		DB9D00A8261547C20025269D /* MobileUserAmplifyAPI.swift */ = {isa = PBXFileReference; fileEncoding = 4; lastKnownFileType = sourcecode.swift; path = MobileUserAmplifyAPI.swift; sourceTree = "<group>"; };
		DB9D00AB261547C20025269D /* SafeRegion.swift */ = {isa = PBXFileReference; fileEncoding = 4; lastKnownFileType = sourcecode.swift; path = SafeRegion.swift; sourceTree = "<group>"; };
		DB9D00AC261547C20025269D /* RemoteCommands.swift */ = {isa = PBXFileReference; fileEncoding = 4; lastKnownFileType = sourcecode.swift; path = RemoteCommands.swift; sourceTree = "<group>"; };
		DB9D00AF261547C20025269D /* UpdateLocationUseCase.swift */ = {isa = PBXFileReference; fileEncoding = 4; lastKnownFileType = sourcecode.swift; path = UpdateLocationUseCase.swift; sourceTree = "<group>"; };
		DB9D00B0261547C20025269D /* CreateUserUseCase.swift */ = {isa = PBXFileReference; fileEncoding = 4; lastKnownFileType = sourcecode.swift; path = CreateUserUseCase.swift; sourceTree = "<group>"; };
		DB9D00B1261547C20025269D /* UpdateDeviceTokenIdUseCase.swift */ = {isa = PBXFileReference; fileEncoding = 4; lastKnownFileType = sourcecode.swift; path = UpdateDeviceTokenIdUseCase.swift; sourceTree = "<group>"; };
		DB9D00B2261547C20025269D /* UseCase.swift */ = {isa = PBXFileReference; fileEncoding = 4; lastKnownFileType = sourcecode.swift; path = UseCase.swift; sourceTree = "<group>"; };
		DB9D00BF261549AC0025269D /* NameSpaces.swift */ = {isa = PBXFileReference; fileEncoding = 4; lastKnownFileType = sourcecode.swift; path = NameSpaces.swift; sourceTree = "<group>"; };
		DB9F77B82613F46E00FA362A /* awsconfiguration.json */ = {isa = PBXFileReference; fileEncoding = 4; lastKnownFileType = text.json; path = awsconfiguration.json; sourceTree = SOURCE_ROOT; };
		DB9F77B92613F46E00FA362A /* amplifyconfiguration.json */ = {isa = PBXFileReference; fileEncoding = 4; lastKnownFileType = text.json; path = amplifyconfiguration.json; sourceTree = SOURCE_ROOT; };
		DB9F7802261542F600FA362A /* IndoorMapViewController+MKMapViewDelegate.swift */ = {isa = PBXFileReference; fileEncoding = 4; lastKnownFileType = sourcecode.swift; path = "IndoorMapViewController+MKMapViewDelegate.swift"; sourceTree = "<group>"; };
		DB9F7803261542F600FA362A /* Styles.swift */ = {isa = PBXFileReference; fileEncoding = 4; lastKnownFileType = sourcecode.swift; path = Styles.swift; sourceTree = "<group>"; };
		DB9F7804261542F600FA362A /* IMDFDecoder.swift */ = {isa = PBXFileReference; fileEncoding = 4; lastKnownFileType = sourcecode.swift; path = IMDFDecoder.swift; sourceTree = "<group>"; };
		DB9F7805261542F600FA362A /* IndoorMapViewController.swift */ = {isa = PBXFileReference; fileEncoding = 4; lastKnownFileType = sourcecode.swift; path = IndoorMapViewController.swift; sourceTree = "<group>"; };
		DB9F7807261542F600FA362A /* PointAnnotationView.swift */ = {isa = PBXFileReference; fileEncoding = 4; lastKnownFileType = sourcecode.swift; path = PointAnnotationView.swift; sourceTree = "<group>"; };
		DB9F7808261542F600FA362A /* LevelPickerView.swift */ = {isa = PBXFileReference; fileEncoding = 4; lastKnownFileType = sourcecode.swift; path = LevelPickerView.swift; sourceTree = "<group>"; };
		DB9F7809261542F600FA362A /* LabelAnnotationView.swift */ = {isa = PBXFileReference; fileEncoding = 4; lastKnownFileType = sourcecode.swift; path = LabelAnnotationView.swift; sourceTree = "<group>"; };
		DB9F780B261542F600FA362A /* Feature.swift */ = {isa = PBXFileReference; fileEncoding = 4; lastKnownFileType = sourcecode.swift; path = Feature.swift; sourceTree = "<group>"; };
		DB9F780C261542F600FA362A /* Anchor.swift */ = {isa = PBXFileReference; fileEncoding = 4; lastKnownFileType = sourcecode.swift; path = Anchor.swift; sourceTree = "<group>"; };
		DB9F780D261542F600FA362A /* Venue.swift */ = {isa = PBXFileReference; fileEncoding = 4; lastKnownFileType = sourcecode.swift; path = Venue.swift; sourceTree = "<group>"; };
		DB9F780E261542F600FA362A /* Unit.swift */ = {isa = PBXFileReference; fileEncoding = 4; lastKnownFileType = sourcecode.swift; path = Unit.swift; sourceTree = "<group>"; };
		DB9F780F261542F600FA362A /* Amenity.swift */ = {isa = PBXFileReference; fileEncoding = 4; lastKnownFileType = sourcecode.swift; path = Amenity.swift; sourceTree = "<group>"; };
		DB9F7810261542F600FA362A /* Occupant.swift */ = {isa = PBXFileReference; fileEncoding = 4; lastKnownFileType = sourcecode.swift; path = Occupant.swift; sourceTree = "<group>"; };
		DB9F7811261542F600FA362A /* LocalizedName.swift */ = {isa = PBXFileReference; fileEncoding = 4; lastKnownFileType = sourcecode.swift; path = LocalizedName.swift; sourceTree = "<group>"; };
		DB9F7812261542F600FA362A /* Opening.swift */ = {isa = PBXFileReference; fileEncoding = 4; lastKnownFileType = sourcecode.swift; path = Opening.swift; sourceTree = "<group>"; };
		DB9F7813261542F600FA362A /* Level.swift */ = {isa = PBXFileReference; fileEncoding = 4; lastKnownFileType = sourcecode.swift; path = Level.swift; sourceTree = "<group>"; };
		DB9F7814261542F600FA362A /* IndoorMapViewController+LocationManagerDelegate.swift */ = {isa = PBXFileReference; fileEncoding = 4; lastKnownFileType = sourcecode.swift; path = "IndoorMapViewController+LocationManagerDelegate.swift"; sourceTree = "<group>"; };
		DBA27C322620C7BA0071C4AB /* AlertCell.xib */ = {isa = PBXFileReference; lastKnownFileType = file.xib; path = AlertCell.xib; sourceTree = "<group>"; };
		DBA27C372620C9050071C4AB /* AlertTableViewCell.swift */ = {isa = PBXFileReference; lastKnownFileType = sourcecode.swift; path = AlertTableViewCell.swift; sourceTree = "<group>"; };
		DBA27C3F2620D1E70071C4AB /* IoTCell.xib */ = {isa = PBXFileReference; lastKnownFileType = file.xib; path = IoTCell.xib; sourceTree = "<group>"; };
		DBA27C442620D2430071C4AB /* IoTTableViewCell.swift */ = {isa = PBXFileReference; lastKnownFileType = sourcecode.swift; path = IoTTableViewCell.swift; sourceTree = "<group>"; };
		DBBA4D3F2612ACDE00A30E9F /* iPadOS_Emergency_Indoor_Nav.app */ = {isa = PBXFileReference; explicitFileType = wrapper.application; includeInIndex = 0; path = iPadOS_Emergency_Indoor_Nav.app; sourceTree = BUILT_PRODUCTS_DIR; };
		DBBA4D422612ACDE00A30E9F /* AppDelegate.swift */ = {isa = PBXFileReference; lastKnownFileType = sourcecode.swift; path = AppDelegate.swift; sourceTree = "<group>"; };
		DBBA4D442612ACDE00A30E9F /* SceneDelegate.swift */ = {isa = PBXFileReference; lastKnownFileType = sourcecode.swift; path = SceneDelegate.swift; sourceTree = "<group>"; };
		DBBA4D462612ACDE00A30E9F /* ViewController.swift */ = {isa = PBXFileReference; lastKnownFileType = sourcecode.swift; path = ViewController.swift; sourceTree = "<group>"; };
		DBBA4D492612ACDE00A30E9F /* Base */ = {isa = PBXFileReference; lastKnownFileType = file.storyboard; name = Base; path = Base.lproj/Main.storyboard; sourceTree = "<group>"; };
		DBBA4D4E2612ACDE00A30E9F /* Base */ = {isa = PBXFileReference; lastKnownFileType = file.storyboard; name = Base; path = Base.lproj/LaunchScreen.storyboard; sourceTree = "<group>"; };
		DBBA4D502612ACDE00A30E9F /* Info.plist */ = {isa = PBXFileReference; lastKnownFileType = text.plist.xml; path = Info.plist; sourceTree = "<group>"; };
		DBBA4D552612ACDF00A30E9F /* iPadOS_Emergency_Indoor_NavTests.xctest */ = {isa = PBXFileReference; explicitFileType = wrapper.cfbundle; includeInIndex = 0; path = iPadOS_Emergency_Indoor_NavTests.xctest; sourceTree = BUILT_PRODUCTS_DIR; };
		DBBA4D592612ACDF00A30E9F /* iPadOS_Emergency_Indoor_NavTests.swift */ = {isa = PBXFileReference; lastKnownFileType = sourcecode.swift; path = iPadOS_Emergency_Indoor_NavTests.swift; sourceTree = "<group>"; };
		DBBA4D5B2612ACDF00A30E9F /* Info.plist */ = {isa = PBXFileReference; lastKnownFileType = text.plist.xml; path = Info.plist; sourceTree = "<group>"; };
		DBBA4D602612ACDF00A30E9F /* iPadOS_Emergency_Indoor_NavUITests.xctest */ = {isa = PBXFileReference; explicitFileType = wrapper.cfbundle; includeInIndex = 0; path = iPadOS_Emergency_Indoor_NavUITests.xctest; sourceTree = BUILT_PRODUCTS_DIR; };
		DBBA4D642612ACDF00A30E9F /* iPadOS_Emergency_Indoor_NavUITests.swift */ = {isa = PBXFileReference; lastKnownFileType = sourcecode.swift; path = iPadOS_Emergency_Indoor_NavUITests.swift; sourceTree = "<group>"; };
		DBBA4D662612ACDF00A30E9F /* Info.plist */ = {isa = PBXFileReference; lastKnownFileType = text.plist.xml; path = Info.plist; sourceTree = "<group>"; };
		DBE84FF4261D2B3400C848C3 /* Edge.swift */ = {isa = PBXFileReference; fileEncoding = 4; lastKnownFileType = sourcecode.swift; name = Edge.swift; path = amplify/generated/models/Edge.swift; sourceTree = SOURCE_ROOT; };
		DBE84FF5261D2B3400C848C3 /* Building.swift */ = {isa = PBXFileReference; fileEncoding = 4; lastKnownFileType = sourcecode.swift; name = Building.swift; path = amplify/generated/models/Building.swift; sourceTree = SOURCE_ROOT; };
		DBE84FF6261D2B3400C848C3 /* MobileUser.swift */ = {isa = PBXFileReference; fileEncoding = 4; lastKnownFileType = sourcecode.swift; name = MobileUser.swift; path = amplify/generated/models/MobileUser.swift; sourceTree = SOURCE_ROOT; };
		DBE84FF7261D2B3400C848C3 /* Edge+Schema.swift */ = {isa = PBXFileReference; fileEncoding = 4; lastKnownFileType = sourcecode.swift; name = "Edge+Schema.swift"; path = "amplify/generated/models/Edge+Schema.swift"; sourceTree = SOURCE_ROOT; };
		DBE84FF8261D2B3400C848C3 /* IoT+Schema.swift */ = {isa = PBXFileReference; fileEncoding = 4; lastKnownFileType = sourcecode.swift; name = "IoT+Schema.swift"; path = "amplify/generated/models/IoT+Schema.swift"; sourceTree = SOURCE_ROOT; };
		DBE84FF9261D2B3400C848C3 /* AmplifyModels.swift */ = {isa = PBXFileReference; fileEncoding = 4; lastKnownFileType = sourcecode.swift; name = AmplifyModels.swift; path = amplify/generated/models/AmplifyModels.swift; sourceTree = SOURCE_ROOT; };
		DBE84FFA261D2B3400C848C3 /* MobileUser+Schema.swift */ = {isa = PBXFileReference; fileEncoding = 4; lastKnownFileType = sourcecode.swift; name = "MobileUser+Schema.swift"; path = "amplify/generated/models/MobileUser+Schema.swift"; sourceTree = SOURCE_ROOT; };
		DBE84FFB261D2B3400C848C3 /* Building+Schema.swift */ = {isa = PBXFileReference; fileEncoding = 4; lastKnownFileType = sourcecode.swift; name = "Building+Schema.swift"; path = "amplify/generated/models/Building+Schema.swift"; sourceTree = SOURCE_ROOT; };
		DBE84FFC261D2B3400C848C3 /* IoT.swift */ = {isa = PBXFileReference; fileEncoding = 4; lastKnownFileType = sourcecode.swift; name = IoT.swift; path = amplify/generated/models/IoT.swift; sourceTree = SOURCE_ROOT; };
		DBE85026261D3F1600C848C3 /* BuildingAmplifyAPI.swift */ = {isa = PBXFileReference; lastKnownFileType = sourcecode.swift; path = BuildingAmplifyAPI.swift; sourceTree = "<group>"; };
		DBE85048261E629000C848C3 /* IoTAmplifyAPI.swift */ = {isa = PBXFileReference; lastKnownFileType = sourcecode.swift; path = IoTAmplifyAPI.swift; sourceTree = "<group>"; };
		DBE8504D261E655A00C848C3 /* CRUDIoTUseCase.swift */ = {isa = PBXFileReference; lastKnownFileType = sourcecode.swift; path = CRUDIoTUseCase.swift; sourceTree = "<group>"; };
		DBE85052261E954F00C848C3 /* EdgeAmplifyAPI.swift */ = {isa = PBXFileReference; lastKnownFileType = sourcecode.swift; path = EdgeAmplifyAPI.swift; sourceTree = "<group>"; };
		DBF4121D26154F0000FC4A24 /* IMDFData */ = {isa = PBXFileReference; lastKnownFileType = folder; path = IMDFData; sourceTree = "<group>"; };
		DBF412232615560B00FC4A24 /* W-16.gpx */ = {isa = PBXFileReference; fileEncoding = 4; lastKnownFileType = text.xml; path = "W-16.gpx"; sourceTree = "<group>"; };
		DBF412242615560B00FC4A24 /* R-D1.gpx */ = {isa = PBXFileReference; fileEncoding = 4; lastKnownFileType = text.xml; path = "R-D1.gpx"; sourceTree = "<group>"; };
		DBF412252615560B00FC4A24 /* W-1.gpx */ = {isa = PBXFileReference; fileEncoding = 4; lastKnownFileType = text.xml; path = "W-1.gpx"; sourceTree = "<group>"; };
		DBF412262615560B00FC4A24 /* W-17.gpx */ = {isa = PBXFileReference; fileEncoding = 4; lastKnownFileType = text.xml; path = "W-17.gpx"; sourceTree = "<group>"; };
		DBF412272615560B00FC4A24 /* W-15.gpx */ = {isa = PBXFileReference; fileEncoding = 4; lastKnownFileType = text.xml; path = "W-15.gpx"; sourceTree = "<group>"; };
		DBF412282615560B00FC4A24 /* W-3.gpx */ = {isa = PBXFileReference; fileEncoding = 4; lastKnownFileType = text.xml; path = "W-3.gpx"; sourceTree = "<group>"; };
		DBF412292615560B00FC4A24 /* R-H1.gpx */ = {isa = PBXFileReference; fileEncoding = 4; lastKnownFileType = text.xml; path = "R-H1.gpx"; sourceTree = "<group>"; };
		DBF4122A2615560B00FC4A24 /* R-D2.gpx */ = {isa = PBXFileReference; fileEncoding = 4; lastKnownFileType = text.xml; path = "R-D2.gpx"; sourceTree = "<group>"; };
		DBF4122B2615560B00FC4A24 /* W-2.gpx */ = {isa = PBXFileReference; fileEncoding = 4; lastKnownFileType = text.xml; path = "W-2.gpx"; sourceTree = "<group>"; };
		DBF4122C2615560B00FC4A24 /* W-14.gpx */ = {isa = PBXFileReference; fileEncoding = 4; lastKnownFileType = text.xml; path = "W-14.gpx"; sourceTree = "<group>"; };
		DBF4122D2615560B00FC4A24 /* W-10.gpx */ = {isa = PBXFileReference; fileEncoding = 4; lastKnownFileType = text.xml; path = "W-10.gpx"; sourceTree = "<group>"; };
		DBF4122E2615560B00FC4A24 /* W-6.gpx */ = {isa = PBXFileReference; fileEncoding = 4; lastKnownFileType = text.xml; path = "W-6.gpx"; sourceTree = "<group>"; };
		DBF4122F2615560B00FC4A24 /* R-I1.gpx */ = {isa = PBXFileReference; fileEncoding = 4; lastKnownFileType = text.xml; path = "R-I1.gpx"; sourceTree = "<group>"; };
		DBF412302615560B00FC4A24 /* W-7.gpx */ = {isa = PBXFileReference; fileEncoding = 4; lastKnownFileType = text.xml; path = "W-7.gpx"; sourceTree = "<group>"; };
		DBF412312615560B00FC4A24 /* W-11.gpx */ = {isa = PBXFileReference; fileEncoding = 4; lastKnownFileType = text.xml; path = "W-11.gpx"; sourceTree = "<group>"; };
		DBF412322615560B00FC4A24 /* W-13.gpx */ = {isa = PBXFileReference; fileEncoding = 4; lastKnownFileType = text.xml; path = "W-13.gpx"; sourceTree = "<group>"; };
		DBF412332615560B00FC4A24 /* W-5.gpx */ = {isa = PBXFileReference; fileEncoding = 4; lastKnownFileType = text.xml; path = "W-5.gpx"; sourceTree = "<group>"; };
		DBF412342615560B00FC4A24 /* R-E1.gpx */ = {isa = PBXFileReference; fileEncoding = 4; lastKnownFileType = text.xml; path = "R-E1.gpx"; sourceTree = "<group>"; };
		DBF412352615560B00FC4A24 /* W-4.gpx */ = {isa = PBXFileReference; fileEncoding = 4; lastKnownFileType = text.xml; path = "W-4.gpx"; sourceTree = "<group>"; };
		DBF412362615560B00FC4A24 /* W-12.gpx */ = {isa = PBXFileReference; fileEncoding = 4; lastKnownFileType = text.xml; path = "W-12.gpx"; sourceTree = "<group>"; };
		DBF412372615560B00FC4A24 /* R-N1.gpx */ = {isa = PBXFileReference; fileEncoding = 4; lastKnownFileType = text.xml; path = "R-N1.gpx"; sourceTree = "<group>"; };
		DBF412382615560B00FC4A24 /* R-B2.gpx */ = {isa = PBXFileReference; fileEncoding = 4; lastKnownFileType = text.xml; path = "R-B2.gpx"; sourceTree = "<group>"; };
		DBF412392615560B00FC4A24 /* R-B1.gpx */ = {isa = PBXFileReference; fileEncoding = 4; lastKnownFileType = text.xml; path = "R-B1.gpx"; sourceTree = "<group>"; };
		DBF4123A2615560B00FC4A24 /* R-C1.gpx */ = {isa = PBXFileReference; fileEncoding = 4; lastKnownFileType = text.xml; path = "R-C1.gpx"; sourceTree = "<group>"; };
		DBF4123B2615560B00FC4A24 /* R-C2.gpx */ = {isa = PBXFileReference; fileEncoding = 4; lastKnownFileType = text.xml; path = "R-C2.gpx"; sourceTree = "<group>"; };
		DBF4123C2615560B00FC4A24 /* R-M2.gpx */ = {isa = PBXFileReference; fileEncoding = 4; lastKnownFileType = text.xml; path = "R-M2.gpx"; sourceTree = "<group>"; };
		DBF4123D2615560B00FC4A24 /* R-A1.gpx */ = {isa = PBXFileReference; fileEncoding = 4; lastKnownFileType = text.xml; path = "R-A1.gpx"; sourceTree = "<group>"; };
		DBF4123E2615560B00FC4A24 /* R-M3.gpx */ = {isa = PBXFileReference; fileEncoding = 4; lastKnownFileType = text.xml; path = "R-M3.gpx"; sourceTree = "<group>"; };
		DBF4123F2615560B00FC4A24 /* R-M1.gpx */ = {isa = PBXFileReference; fileEncoding = 4; lastKnownFileType = text.xml; path = "R-M1.gpx"; sourceTree = "<group>"; };
		DBF412402615560B00FC4A24 /* R-A2.gpx */ = {isa = PBXFileReference; fileEncoding = 4; lastKnownFileType = text.xml; path = "R-A2.gpx"; sourceTree = "<group>"; };
		DBF412412615560B00FC4A24 /* W-23.gpx */ = {isa = PBXFileReference; fileEncoding = 4; lastKnownFileType = text.xml; path = "W-23.gpx"; sourceTree = "<group>"; };
		DBF412422615560B00FC4A24 /* W-9.gpx */ = {isa = PBXFileReference; fileEncoding = 4; lastKnownFileType = text.xml; path = "W-9.gpx"; sourceTree = "<group>"; };
		DBF412432615560B00FC4A24 /* R-F1.gpx */ = {isa = PBXFileReference; fileEncoding = 4; lastKnownFileType = text.xml; path = "R-F1.gpx"; sourceTree = "<group>"; };
		DBF412442615560B00FC4A24 /* W-8.gpx */ = {isa = PBXFileReference; fileEncoding = 4; lastKnownFileType = text.xml; path = "W-8.gpx"; sourceTree = "<group>"; };
		DBF412452615560B00FC4A24 /* W-22.gpx */ = {isa = PBXFileReference; fileEncoding = 4; lastKnownFileType = text.xml; path = "W-22.gpx"; sourceTree = "<group>"; };
		DBF412462615560B00FC4A24 /* W-20.gpx */ = {isa = PBXFileReference; fileEncoding = 4; lastKnownFileType = text.xml; path = "W-20.gpx"; sourceTree = "<group>"; };
		DBF412472615560B00FC4A24 /* W-21.gpx */ = {isa = PBXFileReference; fileEncoding = 4; lastKnownFileType = text.xml; path = "W-21.gpx"; sourceTree = "<group>"; };
		DBF412482615560B00FC4A24 /* W-19.gpx */ = {isa = PBXFileReference; fileEncoding = 4; lastKnownFileType = text.xml; path = "W-19.gpx"; sourceTree = "<group>"; };
		DBF412492615560B00FC4A24 /* W-18.gpx */ = {isa = PBXFileReference; fileEncoding = 4; lastKnownFileType = text.xml; path = "W-18.gpx"; sourceTree = "<group>"; };
		DBF4124A2615560B00FC4A24 /* R-G1.gpx */ = {isa = PBXFileReference; fileEncoding = 4; lastKnownFileType = text.xml; path = "R-G1.gpx"; sourceTree = "<group>"; };
		DBF4127926155CE600FC4A24 /* Assets.xcassets */ = {isa = PBXFileReference; lastKnownFileType = folder.assetcatalog; path = Assets.xcassets; sourceTree = "<group>"; };
		F0B607BDFBC531854E7B643D /* Pods-iPadOS_Emergency_Indoor_Nav-iPadOS_Emergency_Indoor_NavUITests.debug.xcconfig */ = {isa = PBXFileReference; includeInIndex = 1; lastKnownFileType = text.xcconfig; name = "Pods-iPadOS_Emergency_Indoor_Nav-iPadOS_Emergency_Indoor_NavUITests.debug.xcconfig"; path = "Target Support Files/Pods-iPadOS_Emergency_Indoor_Nav-iPadOS_Emergency_Indoor_NavUITests/Pods-iPadOS_Emergency_Indoor_Nav-iPadOS_Emergency_Indoor_NavUITests.debug.xcconfig"; sourceTree = "<group>"; };
/* End PBXFileReference section */

/* Begin PBXFrameworksBuildPhase section */
		DBBA4D3C2612ACDE00A30E9F /* Frameworks */ = {
			isa = PBXFrameworksBuildPhase;
			buildActionMask = 2147483647;
			files = (
				14A867A249545BD2C61A865A /* Pods_iPadOS_Emergency_Indoor_Nav.framework in Frameworks */,
			);
			runOnlyForDeploymentPostprocessing = 0;
		};
		DBBA4D522612ACDF00A30E9F /* Frameworks */ = {
			isa = PBXFrameworksBuildPhase;
			buildActionMask = 2147483647;
			files = (
				82099E32EC3E815443A03499 /* Pods_iPadOS_Emergency_Indoor_NavTests.framework in Frameworks */,
			);
			runOnlyForDeploymentPostprocessing = 0;
		};
		DBBA4D5D2612ACDF00A30E9F /* Frameworks */ = {
			isa = PBXFrameworksBuildPhase;
			buildActionMask = 2147483647;
			files = (
				6D1F0F5D784A9E55434CB180 /* Pods_iPadOS_Emergency_Indoor_Nav_iPadOS_Emergency_Indoor_NavUITests.framework in Frameworks */,
			);
			runOnlyForDeploymentPostprocessing = 0;
		};
/* End PBXFrameworksBuildPhase section */

/* Begin PBXGroup section */
		645D529AF849BFC4E7BFD6DC /* Frameworks */ = {
			isa = PBXGroup;
			children = (
				CBDA27C4F3020973A7A36B05 /* Pods_iPadOS_Emergency_Indoor_Nav.framework */,
				D192EF89D70DF670C6CC981C /* Pods_iPadOS_Emergency_Indoor_Nav_iPadOS_Emergency_Indoor_NavUITests.framework */,
				6806699D156C546DAC052A3D /* Pods_iPadOS_Emergency_Indoor_NavTests.framework */,
			);
			name = Frameworks;
			sourceTree = "<group>";
		};
		D69771A1CDDCBC9846A668DC /* Pods */ = {
			isa = PBXGroup;
			children = (
				044079E07CC5C566A61B17B1 /* Pods-iPadOS_Emergency_Indoor_Nav.debug.xcconfig */,
				6BEC9150E8B0012CBA2B98D1 /* Pods-iPadOS_Emergency_Indoor_Nav.release.xcconfig */,
				F0B607BDFBC531854E7B643D /* Pods-iPadOS_Emergency_Indoor_Nav-iPadOS_Emergency_Indoor_NavUITests.debug.xcconfig */,
				1E3FEC2089C5AEAFECEA0A38 /* Pods-iPadOS_Emergency_Indoor_Nav-iPadOS_Emergency_Indoor_NavUITests.release.xcconfig */,
				552C624EAC1E68C8C20B732E /* Pods-iPadOS_Emergency_Indoor_NavTests.debug.xcconfig */,
				97E9543B91BC5925251438B6 /* Pods-iPadOS_Emergency_Indoor_NavTests.release.xcconfig */,
			);
			path = Pods;
			sourceTree = "<group>";
		};
		DB6FFF79261FD2F100B75415 /* User Interface Logic */ = {
			isa = PBXGroup;
			children = (
				DBA27C312620C78A0071C4AB /* Views */,
				DB6FFF7A261FD31B00B75415 /* ViewControllers */,
			);
			path = "User Interface Logic";
			sourceTree = "<group>";
		};
		DB6FFF7A261FD31B00B75415 /* ViewControllers */ = {
			isa = PBXGroup;
			children = (
				DB6FFF74261FD2E800B75415 /* SettingsTVC.swift */,
			);
			path = ViewControllers;
			sourceTree = "<group>";
		};
		DB9D00A4261547C20025269D /* CoreLogic */ = {
			isa = PBXGroup;
			children = (
				DB9D00A9261547C20025269D /* Entity */,
				DB9D00AD261547C20025269D /* DataStore */,
				DB9D00AE261547C20025269D /* UseCases */,
				DB9D00A5261547C20025269D /* APIs */,
			);
			path = CoreLogic;
			sourceTree = "<group>";
		};
		DB9D00A5261547C20025269D /* APIs */ = {
			isa = PBXGroup;
			children = (
				DB9D00A6261547C20025269D /* RemoteAPIProtocols.swift */,
				DB9D00A7261547C20025269D /* Amplify */,
			);
			path = APIs;
			sourceTree = "<group>";
		};
		DB9D00A7261547C20025269D /* Amplify */ = {
			isa = PBXGroup;
			children = (
				DB9D00A8261547C20025269D /* MobileUserAmplifyAPI.swift */,
				DBE85026261D3F1600C848C3 /* BuildingAmplifyAPI.swift */,
				DBE85048261E629000C848C3 /* IoTAmplifyAPI.swift */,
				DBE85052261E954F00C848C3 /* EdgeAmplifyAPI.swift */,
			);
			path = Amplify;
			sourceTree = "<group>";
		};
		DB9D00A9261547C20025269D /* Entity */ = {
			isa = PBXGroup;
			children = (
				DB9D00AB261547C20025269D /* SafeRegion.swift */,
				DB9D00AC261547C20025269D /* RemoteCommands.swift */,
				DB9D00BF261549AC0025269D /* NameSpaces.swift */,
				DB075BDE262A536D004971E8 /* BlockedAreas.swift */,
			);
			path = Entity;
			sourceTree = "<group>";
		};
		DB9D00AD261547C20025269D /* DataStore */ = {
			isa = PBXGroup;
			children = (
				DBE84FF9261D2B3400C848C3 /* AmplifyModels.swift */,
				DBE84FF5261D2B3400C848C3 /* Building.swift */,
				DBE84FFB261D2B3400C848C3 /* Building+Schema.swift */,
				DBE84FF4261D2B3400C848C3 /* Edge.swift */,
				DBE84FF7261D2B3400C848C3 /* Edge+Schema.swift */,
				DBE84FFC261D2B3400C848C3 /* IoT.swift */,
				DBE84FF8261D2B3400C848C3 /* IoT+Schema.swift */,
				DBE84FF6261D2B3400C848C3 /* MobileUser.swift */,
				DBE84FFA261D2B3400C848C3 /* MobileUser+Schema.swift */,
			);
			path = DataStore;
			sourceTree = "<group>";
		};
		DB9D00AE261547C20025269D /* UseCases */ = {
			isa = PBXGroup;
			children = (
				DB9D00AF261547C20025269D /* UpdateLocationUseCase.swift */,
				DB9D00B0261547C20025269D /* CreateUserUseCase.swift */,
				DB9D00B1261547C20025269D /* UpdateDeviceTokenIdUseCase.swift */,
				DB9D00B2261547C20025269D /* UseCase.swift */,
				DBE8504D261E655A00C848C3 /* CRUDIoTUseCase.swift */,
				DB6FFF54261FBE8800B75415 /* DataUploader.swift */,
				DB6FFF8F261FE12600B75415 /* BuildingUseCase.swift */,
				DB01EDB32630FF80001CA346 /* IoTUseCases.swift */,
			);
			path = UseCases;
			sourceTree = "<group>";
		};
		DB9F7801261542F600FA362A /* MapLogic */ = {
			isa = PBXGroup;
			children = (
				DB9F7803261542F600FA362A /* Styles.swift */,
				DB9F7804261542F600FA362A /* IMDFDecoder.swift */,
				DB9F7805261542F600FA362A /* IndoorMapViewController.swift */,
				DB9F7802261542F600FA362A /* IndoorMapViewController+MKMapViewDelegate.swift */,
				DB9F7814261542F600FA362A /* IndoorMapViewController+LocationManagerDelegate.swift */,
				DB9F7806261542F600FA362A /* Views */,
				DB9F780A261542F600FA362A /* IMDFModel */,
			);
			path = MapLogic;
			sourceTree = "<group>";
		};
		DB9F7806261542F600FA362A /* Views */ = {
			isa = PBXGroup;
			children = (
				DB9F7807261542F600FA362A /* PointAnnotationView.swift */,
				DB9F7808261542F600FA362A /* LevelPickerView.swift */,
				DB9F7809261542F600FA362A /* LabelAnnotationView.swift */,
			);
			path = Views;
			sourceTree = "<group>";
		};
		DB9F780A261542F600FA362A /* IMDFModel */ = {
			isa = PBXGroup;
			children = (
				DB9F780B261542F600FA362A /* Feature.swift */,
				DB9F780C261542F600FA362A /* Anchor.swift */,
				DB9F780D261542F600FA362A /* Venue.swift */,
				DB9F780E261542F600FA362A /* Unit.swift */,
				DB9F780F261542F600FA362A /* Amenity.swift */,
				DB9F7810261542F600FA362A /* Occupant.swift */,
				DB9F7811261542F600FA362A /* LocalizedName.swift */,
				DB9F7812261542F600FA362A /* Opening.swift */,
				DB9F7813261542F600FA362A /* Level.swift */,
			);
			path = IMDFModel;
			sourceTree = "<group>";
		};
		DBA27C312620C78A0071C4AB /* Views */ = {
			isa = PBXGroup;
			children = (
				DBA27C322620C7BA0071C4AB /* AlertCell.xib */,
				DBA27C372620C9050071C4AB /* AlertTableViewCell.swift */,
				DBA27C3F2620D1E70071C4AB /* IoTCell.xib */,
				DBA27C442620D2430071C4AB /* IoTTableViewCell.swift */,
			);
			path = Views;
			sourceTree = "<group>";
		};
		DBBA4D362612ACDE00A30E9F = {
			isa = PBXGroup;
			children = (
				DBBA4D412612ACDE00A30E9F /* iPadOS_Emergency_Indoor_Nav */,
				DBBA4D582612ACDF00A30E9F /* iPadOS_Emergency_Indoor_NavTests */,
				DBBA4D632612ACDF00A30E9F /* iPadOS_Emergency_Indoor_NavUITests */,
				DBBA4D402612ACDE00A30E9F /* Products */,
				D69771A1CDDCBC9846A668DC /* Pods */,
				645D529AF849BFC4E7BFD6DC /* Frameworks */,
			);
			sourceTree = "<group>";
		};
		DBBA4D402612ACDE00A30E9F /* Products */ = {
			isa = PBXGroup;
			children = (
				DBBA4D3F2612ACDE00A30E9F /* iPadOS_Emergency_Indoor_Nav.app */,
				DBBA4D552612ACDF00A30E9F /* iPadOS_Emergency_Indoor_NavTests.xctest */,
				DBBA4D602612ACDF00A30E9F /* iPadOS_Emergency_Indoor_NavUITests.xctest */,
			);
			name = Products;
			sourceTree = "<group>";
		};
		DBBA4D412612ACDE00A30E9F /* iPadOS_Emergency_Indoor_Nav */ = {
			isa = PBXGroup;
			children = (
				DB9D00A4261547C20025269D /* CoreLogic */,
				DB6FFF79261FD2F100B75415 /* User Interface Logic */,
				DBF412222615560B00FC4A24 /* Simulator Locations */,
				DB9F77B92613F46E00FA362A /* amplifyconfiguration.json */,
				DB9F77B82613F46E00FA362A /* awsconfiguration.json */,
				DBBA4D422612ACDE00A30E9F /* AppDelegate.swift */,
				DBBA4D442612ACDE00A30E9F /* SceneDelegate.swift */,
				DBBA4D462612ACDE00A30E9F /* ViewController.swift */,
				DB9D0098261546630025269D /* Pulsing.swift */,
				DB9F7801261542F600FA362A /* MapLogic */,
				DBBA4D482612ACDE00A30E9F /* Main.storyboard */,
				DBBA4D4D2612ACDE00A30E9F /* LaunchScreen.storyboard */,
				DBF4127926155CE600FC4A24 /* Assets.xcassets */,
				DBF4121D26154F0000FC4A24 /* IMDFData */,
				DBBA4D502612ACDE00A30E9F /* Info.plist */,
				DB9D009D261547720025269D /* IoTs.plist */,
				DB9D009E261547720025269D /* SafeRegions.plist */,
			);
			path = iPadOS_Emergency_Indoor_Nav;
			sourceTree = "<group>";
		};
		DBBA4D582612ACDF00A30E9F /* iPadOS_Emergency_Indoor_NavTests */ = {
			isa = PBXGroup;
			children = (
				DBBA4D592612ACDF00A30E9F /* iPadOS_Emergency_Indoor_NavTests.swift */,
				DBBA4D5B2612ACDF00A30E9F /* Info.plist */,
			);
			path = iPadOS_Emergency_Indoor_NavTests;
			sourceTree = "<group>";
		};
		DBBA4D632612ACDF00A30E9F /* iPadOS_Emergency_Indoor_NavUITests */ = {
			isa = PBXGroup;
			children = (
				DBBA4D642612ACDF00A30E9F /* iPadOS_Emergency_Indoor_NavUITests.swift */,
				DBBA4D662612ACDF00A30E9F /* Info.plist */,
			);
			path = iPadOS_Emergency_Indoor_NavUITests;
			sourceTree = "<group>";
		};
		DBF412222615560B00FC4A24 /* Simulator Locations */ = {
			isa = PBXGroup;
			children = (
				DBF412232615560B00FC4A24 /* W-16.gpx */,
				DBF412242615560B00FC4A24 /* R-D1.gpx */,
				DBF412252615560B00FC4A24 /* W-1.gpx */,
				DBF412262615560B00FC4A24 /* W-17.gpx */,
				DBF412272615560B00FC4A24 /* W-15.gpx */,
				DBF412282615560B00FC4A24 /* W-3.gpx */,
				DBF412292615560B00FC4A24 /* R-H1.gpx */,
				DBF4122A2615560B00FC4A24 /* R-D2.gpx */,
				DBF4122B2615560B00FC4A24 /* W-2.gpx */,
				DBF4122C2615560B00FC4A24 /* W-14.gpx */,
				DBF4122D2615560B00FC4A24 /* W-10.gpx */,
				DBF4122E2615560B00FC4A24 /* W-6.gpx */,
				DBF4122F2615560B00FC4A24 /* R-I1.gpx */,
				DBF412302615560B00FC4A24 /* W-7.gpx */,
				DBF412312615560B00FC4A24 /* W-11.gpx */,
				DBF412322615560B00FC4A24 /* W-13.gpx */,
				DBF412332615560B00FC4A24 /* W-5.gpx */,
				DBF412342615560B00FC4A24 /* R-E1.gpx */,
				DBF412352615560B00FC4A24 /* W-4.gpx */,
				DBF412362615560B00FC4A24 /* W-12.gpx */,
				DBF412372615560B00FC4A24 /* R-N1.gpx */,
				DBF412382615560B00FC4A24 /* R-B2.gpx */,
				DBF412392615560B00FC4A24 /* R-B1.gpx */,
				DBF4123A2615560B00FC4A24 /* R-C1.gpx */,
				DBF4123B2615560B00FC4A24 /* R-C2.gpx */,
				DBF4123C2615560B00FC4A24 /* R-M2.gpx */,
				DBF4123D2615560B00FC4A24 /* R-A1.gpx */,
				DBF4123E2615560B00FC4A24 /* R-M3.gpx */,
				DBF4123F2615560B00FC4A24 /* R-M1.gpx */,
				DBF412402615560B00FC4A24 /* R-A2.gpx */,
				DBF412412615560B00FC4A24 /* W-23.gpx */,
				DBF412422615560B00FC4A24 /* W-9.gpx */,
				DBF412432615560B00FC4A24 /* R-F1.gpx */,
				DBF412442615560B00FC4A24 /* W-8.gpx */,
				DBF412452615560B00FC4A24 /* W-22.gpx */,
				DBF412462615560B00FC4A24 /* W-20.gpx */,
				DBF412472615560B00FC4A24 /* W-21.gpx */,
				DBF412482615560B00FC4A24 /* W-19.gpx */,
				DBF412492615560B00FC4A24 /* W-18.gpx */,
				DBF4124A2615560B00FC4A24 /* R-G1.gpx */,
			);
			path = "Simulator Locations";
			sourceTree = "<group>";
		};
/* End PBXGroup section */

/* Begin PBXNativeTarget section */
		DBBA4D3E2612ACDE00A30E9F /* iPadOS_Emergency_Indoor_Nav */ = {
			isa = PBXNativeTarget;
			buildConfigurationList = DBBA4D692612ACDF00A30E9F /* Build configuration list for PBXNativeTarget "iPadOS_Emergency_Indoor_Nav" */;
			buildPhases = (
				409DECADC104947674E81AA6 /* [CP] Check Pods Manifest.lock */,
				DBBA4D3B2612ACDE00A30E9F /* Sources */,
				DBBA4D3C2612ACDE00A30E9F /* Frameworks */,
				DBBA4D3D2612ACDE00A30E9F /* Resources */,
				CD4E50B70D7A8FFD1E66D021 /* [CP] Embed Pods Frameworks */,
			);
			buildRules = (
			);
			dependencies = (
			);
			name = iPadOS_Emergency_Indoor_Nav;
			productName = iPadOS_Emergency_Indoor_Nav;
			productReference = DBBA4D3F2612ACDE00A30E9F /* iPadOS_Emergency_Indoor_Nav.app */;
			productType = "com.apple.product-type.application";
		};
		DBBA4D542612ACDF00A30E9F /* iPadOS_Emergency_Indoor_NavTests */ = {
			isa = PBXNativeTarget;
			buildConfigurationList = DBBA4D6C2612ACDF00A30E9F /* Build configuration list for PBXNativeTarget "iPadOS_Emergency_Indoor_NavTests" */;
			buildPhases = (
				7343B7F62374B3EA12E5E784 /* [CP] Check Pods Manifest.lock */,
				DBBA4D512612ACDF00A30E9F /* Sources */,
				DBBA4D522612ACDF00A30E9F /* Frameworks */,
				DBBA4D532612ACDF00A30E9F /* Resources */,
			);
			buildRules = (
			);
			dependencies = (
				DBBA4D572612ACDF00A30E9F /* PBXTargetDependency */,
			);
			name = iPadOS_Emergency_Indoor_NavTests;
			productName = iPadOS_Emergency_Indoor_NavTests;
			productReference = DBBA4D552612ACDF00A30E9F /* iPadOS_Emergency_Indoor_NavTests.xctest */;
			productType = "com.apple.product-type.bundle.unit-test";
		};
		DBBA4D5F2612ACDF00A30E9F /* iPadOS_Emergency_Indoor_NavUITests */ = {
			isa = PBXNativeTarget;
			buildConfigurationList = DBBA4D6F2612ACDF00A30E9F /* Build configuration list for PBXNativeTarget "iPadOS_Emergency_Indoor_NavUITests" */;
			buildPhases = (
				09450F30EF903C93DEE7E05B /* [CP] Check Pods Manifest.lock */,
				DBBA4D5C2612ACDF00A30E9F /* Sources */,
				DBBA4D5D2612ACDF00A30E9F /* Frameworks */,
				DBBA4D5E2612ACDF00A30E9F /* Resources */,
				9E78B68DC9FA185C0126F44B /* [CP] Embed Pods Frameworks */,
			);
			buildRules = (
			);
			dependencies = (
				DBBA4D622612ACDF00A30E9F /* PBXTargetDependency */,
			);
			name = iPadOS_Emergency_Indoor_NavUITests;
			productName = iPadOS_Emergency_Indoor_NavUITests;
			productReference = DBBA4D602612ACDF00A30E9F /* iPadOS_Emergency_Indoor_NavUITests.xctest */;
			productType = "com.apple.product-type.bundle.ui-testing";
		};
/* End PBXNativeTarget section */

/* Begin PBXProject section */
		DBBA4D372612ACDE00A30E9F /* Project object */ = {
			isa = PBXProject;
			attributes = {
				LastSwiftUpdateCheck = 1240;
				LastUpgradeCheck = 1240;
				TargetAttributes = {
					DBBA4D3E2612ACDE00A30E9F = {
						CreatedOnToolsVersion = 12.4;
					};
					DBBA4D542612ACDF00A30E9F = {
						CreatedOnToolsVersion = 12.4;
						TestTargetID = DBBA4D3E2612ACDE00A30E9F;
					};
					DBBA4D5F2612ACDF00A30E9F = {
						CreatedOnToolsVersion = 12.4;
						TestTargetID = DBBA4D3E2612ACDE00A30E9F;
					};
				};
			};
			buildConfigurationList = DBBA4D3A2612ACDE00A30E9F /* Build configuration list for PBXProject "iPadOS_Emergency_Indoor_Nav" */;
			compatibilityVersion = "Xcode 9.3";
			developmentRegion = en;
			hasScannedForEncodings = 0;
			knownRegions = (
				en,
				Base,
			);
			mainGroup = DBBA4D362612ACDE00A30E9F;
			productRefGroup = DBBA4D402612ACDE00A30E9F /* Products */;
			projectDirPath = "";
			projectRoot = "";
			targets = (
				DBBA4D3E2612ACDE00A30E9F /* iPadOS_Emergency_Indoor_Nav */,
				DBBA4D542612ACDF00A30E9F /* iPadOS_Emergency_Indoor_NavTests */,
				DBBA4D5F2612ACDF00A30E9F /* iPadOS_Emergency_Indoor_NavUITests */,
			);
		};
/* End PBXProject section */

/* Begin PBXResourcesBuildPhase section */
		DBBA4D3D2612ACDE00A30E9F /* Resources */ = {
			isa = PBXResourcesBuildPhase;
			buildActionMask = 2147483647;
			files = (
				DBF412662615560B00FC4A24 /* R-M3.gpx in Resources */,
				DBF4126D2615560B00FC4A24 /* W-22.gpx in Resources */,
				DBF4126A2615560B00FC4A24 /* W-9.gpx in Resources */,
				DBF412632615560B00FC4A24 /* R-C2.gpx in Resources */,
				DBF412542615560B00FC4A24 /* W-14.gpx in Resources */,
				DBF4124F2615560B00FC4A24 /* W-15.gpx in Resources */,
				DBF412502615560B00FC4A24 /* W-3.gpx in Resources */,
				DBF4124B2615560B00FC4A24 /* W-16.gpx in Resources */,
				DBF4125C2615560B00FC4A24 /* R-E1.gpx in Resources */,
				DBF4125F2615560B00FC4A24 /* R-N1.gpx in Resources */,
				DB9D00A0261547720025269D /* SafeRegions.plist in Resources */,
				DBF412532615560B00FC4A24 /* W-2.gpx in Resources */,
				DBF412722615560B00FC4A24 /* R-G1.gpx in Resources */,
				DBF412592615560B00FC4A24 /* W-11.gpx in Resources */,
				DBF412612615560B00FC4A24 /* R-B1.gpx in Resources */,
				DBF412712615560B00FC4A24 /* W-18.gpx in Resources */,
				DBF412552615560B00FC4A24 /* W-10.gpx in Resources */,
				DBF4125D2615560B00FC4A24 /* W-4.gpx in Resources */,
				DB9D009F261547720025269D /* IoTs.plist in Resources */,
				DBF412702615560B00FC4A24 /* W-19.gpx in Resources */,
				DBF412602615560B00FC4A24 /* R-B2.gpx in Resources */,
				DBF4121E26154F0000FC4A24 /* IMDFData in Resources */,
				DBF4125B2615560B00FC4A24 /* W-5.gpx in Resources */,
				DBF412652615560B00FC4A24 /* R-A1.gpx in Resources */,
				DBF412572615560B00FC4A24 /* R-I1.gpx in Resources */,
				DBF412672615560B00FC4A24 /* R-M1.gpx in Resources */,
				DBF4126E2615560B00FC4A24 /* W-20.gpx in Resources */,
				DB9F77BA2613F46E00FA362A /* awsconfiguration.json in Resources */,
				DBBA4D4F2612ACDE00A30E9F /* LaunchScreen.storyboard in Resources */,
				DBF4126C2615560B00FC4A24 /* W-8.gpx in Resources */,
				DBA27C402620D1E70071C4AB /* IoTCell.xib in Resources */,
				DBF4126F2615560B00FC4A24 /* W-21.gpx in Resources */,
				DB9F77BB2613F46E00FA362A /* amplifyconfiguration.json in Resources */,
				DBF4126B2615560B00FC4A24 /* R-F1.gpx in Resources */,
				DBF412642615560B00FC4A24 /* R-M2.gpx in Resources */,
				DBF412682615560B00FC4A24 /* R-A2.gpx in Resources */,
				DBF4124D2615560B00FC4A24 /* W-1.gpx in Resources */,
				DBF412692615560B00FC4A24 /* W-23.gpx in Resources */,
				DBF412522615560B00FC4A24 /* R-D2.gpx in Resources */,
				DBF412562615560B00FC4A24 /* W-6.gpx in Resources */,
				DBF4124C2615560B00FC4A24 /* R-D1.gpx in Resources */,
				DBF412622615560B00FC4A24 /* R-C1.gpx in Resources */,
				DBA27C332620C7BA0071C4AB /* AlertCell.xib in Resources */,
				DBF4124E2615560B00FC4A24 /* W-17.gpx in Resources */,
				DBF412512615560B00FC4A24 /* R-H1.gpx in Resources */,
				DBF412582615560B00FC4A24 /* W-7.gpx in Resources */,
				DBF4125E2615560B00FC4A24 /* W-12.gpx in Resources */,
				DBF4125A2615560B00FC4A24 /* W-13.gpx in Resources */,
				DBF4127A26155CE600FC4A24 /* Assets.xcassets in Resources */,
				DBBA4D4A2612ACDE00A30E9F /* Main.storyboard in Resources */,
			);
			runOnlyForDeploymentPostprocessing = 0;
		};
		DBBA4D532612ACDF00A30E9F /* Resources */ = {
			isa = PBXResourcesBuildPhase;
			buildActionMask = 2147483647;
			files = (
			);
			runOnlyForDeploymentPostprocessing = 0;
		};
		DBBA4D5E2612ACDF00A30E9F /* Resources */ = {
			isa = PBXResourcesBuildPhase;
			buildActionMask = 2147483647;
			files = (
			);
			runOnlyForDeploymentPostprocessing = 0;
		};
/* End PBXResourcesBuildPhase section */

/* Begin PBXShellScriptBuildPhase section */
		09450F30EF903C93DEE7E05B /* [CP] Check Pods Manifest.lock */ = {
			isa = PBXShellScriptBuildPhase;
			buildActionMask = 2147483647;
			files = (
			);
			inputFileListPaths = (
			);
			inputPaths = (
				"${PODS_PODFILE_DIR_PATH}/Podfile.lock",
				"${PODS_ROOT}/Manifest.lock",
			);
			name = "[CP] Check Pods Manifest.lock";
			outputFileListPaths = (
			);
			outputPaths = (
				"$(DERIVED_FILE_DIR)/Pods-iPadOS_Emergency_Indoor_Nav-iPadOS_Emergency_Indoor_NavUITests-checkManifestLockResult.txt",
			);
			runOnlyForDeploymentPostprocessing = 0;
			shellPath = /bin/sh;
			shellScript = "diff \"${PODS_PODFILE_DIR_PATH}/Podfile.lock\" \"${PODS_ROOT}/Manifest.lock\" > /dev/null\nif [ $? != 0 ] ; then\n    # print error to STDERR\n    echo \"error: The sandbox is not in sync with the Podfile.lock. Run 'pod install' or update your CocoaPods installation.\" >&2\n    exit 1\nfi\n# This output is used by Xcode 'outputs' to avoid re-running this script phase.\necho \"SUCCESS\" > \"${SCRIPT_OUTPUT_FILE_0}\"\n";
			showEnvVarsInLog = 0;
		};
		409DECADC104947674E81AA6 /* [CP] Check Pods Manifest.lock */ = {
			isa = PBXShellScriptBuildPhase;
			buildActionMask = 2147483647;
			files = (
			);
			inputFileListPaths = (
			);
			inputPaths = (
				"${PODS_PODFILE_DIR_PATH}/Podfile.lock",
				"${PODS_ROOT}/Manifest.lock",
			);
			name = "[CP] Check Pods Manifest.lock";
			outputFileListPaths = (
			);
			outputPaths = (
				"$(DERIVED_FILE_DIR)/Pods-iPadOS_Emergency_Indoor_Nav-checkManifestLockResult.txt",
			);
			runOnlyForDeploymentPostprocessing = 0;
			shellPath = /bin/sh;
			shellScript = "diff \"${PODS_PODFILE_DIR_PATH}/Podfile.lock\" \"${PODS_ROOT}/Manifest.lock\" > /dev/null\nif [ $? != 0 ] ; then\n    # print error to STDERR\n    echo \"error: The sandbox is not in sync with the Podfile.lock. Run 'pod install' or update your CocoaPods installation.\" >&2\n    exit 1\nfi\n# This output is used by Xcode 'outputs' to avoid re-running this script phase.\necho \"SUCCESS\" > \"${SCRIPT_OUTPUT_FILE_0}\"\n";
			showEnvVarsInLog = 0;
		};
		7343B7F62374B3EA12E5E784 /* [CP] Check Pods Manifest.lock */ = {
			isa = PBXShellScriptBuildPhase;
			buildActionMask = 2147483647;
			files = (
			);
			inputFileListPaths = (
			);
			inputPaths = (
				"${PODS_PODFILE_DIR_PATH}/Podfile.lock",
				"${PODS_ROOT}/Manifest.lock",
			);
			name = "[CP] Check Pods Manifest.lock";
			outputFileListPaths = (
			);
			outputPaths = (
				"$(DERIVED_FILE_DIR)/Pods-iPadOS_Emergency_Indoor_NavTests-checkManifestLockResult.txt",
			);
			runOnlyForDeploymentPostprocessing = 0;
			shellPath = /bin/sh;
			shellScript = "diff \"${PODS_PODFILE_DIR_PATH}/Podfile.lock\" \"${PODS_ROOT}/Manifest.lock\" > /dev/null\nif [ $? != 0 ] ; then\n    # print error to STDERR\n    echo \"error: The sandbox is not in sync with the Podfile.lock. Run 'pod install' or update your CocoaPods installation.\" >&2\n    exit 1\nfi\n# This output is used by Xcode 'outputs' to avoid re-running this script phase.\necho \"SUCCESS\" > \"${SCRIPT_OUTPUT_FILE_0}\"\n";
			showEnvVarsInLog = 0;
		};
		9E78B68DC9FA185C0126F44B /* [CP] Embed Pods Frameworks */ = {
			isa = PBXShellScriptBuildPhase;
			buildActionMask = 2147483647;
			files = (
			);
			inputFileListPaths = (
				"${PODS_ROOT}/Target Support Files/Pods-iPadOS_Emergency_Indoor_Nav-iPadOS_Emergency_Indoor_NavUITests/Pods-iPadOS_Emergency_Indoor_Nav-iPadOS_Emergency_Indoor_NavUITests-frameworks-${CONFIGURATION}-input-files.xcfilelist",
			);
			name = "[CP] Embed Pods Frameworks";
			outputFileListPaths = (
				"${PODS_ROOT}/Target Support Files/Pods-iPadOS_Emergency_Indoor_Nav-iPadOS_Emergency_Indoor_NavUITests/Pods-iPadOS_Emergency_Indoor_Nav-iPadOS_Emergency_Indoor_NavUITests-frameworks-${CONFIGURATION}-output-files.xcfilelist",
			);
			runOnlyForDeploymentPostprocessing = 0;
			shellPath = /bin/sh;
			shellScript = "\"${PODS_ROOT}/Target Support Files/Pods-iPadOS_Emergency_Indoor_Nav-iPadOS_Emergency_Indoor_NavUITests/Pods-iPadOS_Emergency_Indoor_Nav-iPadOS_Emergency_Indoor_NavUITests-frameworks.sh\"\n";
			showEnvVarsInLog = 0;
		};
		CD4E50B70D7A8FFD1E66D021 /* [CP] Embed Pods Frameworks */ = {
			isa = PBXShellScriptBuildPhase;
			buildActionMask = 2147483647;
			files = (
			);
			inputFileListPaths = (
				"${PODS_ROOT}/Target Support Files/Pods-iPadOS_Emergency_Indoor_Nav/Pods-iPadOS_Emergency_Indoor_Nav-frameworks-${CONFIGURATION}-input-files.xcfilelist",
			);
			name = "[CP] Embed Pods Frameworks";
			outputFileListPaths = (
				"${PODS_ROOT}/Target Support Files/Pods-iPadOS_Emergency_Indoor_Nav/Pods-iPadOS_Emergency_Indoor_Nav-frameworks-${CONFIGURATION}-output-files.xcfilelist",
			);
			runOnlyForDeploymentPostprocessing = 0;
			shellPath = /bin/sh;
			shellScript = "\"${PODS_ROOT}/Target Support Files/Pods-iPadOS_Emergency_Indoor_Nav/Pods-iPadOS_Emergency_Indoor_Nav-frameworks.sh\"\n";
			showEnvVarsInLog = 0;
		};
/* End PBXShellScriptBuildPhase section */

/* Begin PBXSourcesBuildPhase section */
		DBBA4D3B2612ACDE00A30E9F /* Sources */ = {
			isa = PBXSourcesBuildPhase;
			buildActionMask = 2147483647;
			files = (
				DB9F781D261542F600FA362A /* Anchor.swift in Sources */,
				DB9D00B6261547C20025269D /* SafeRegion.swift in Sources */,
				DB9D00C0261549AC0025269D /* NameSpaces.swift in Sources */,
				DBBA4D472612ACDE00A30E9F /* ViewController.swift in Sources */,
				DB9D00B3261547C20025269D /* RemoteAPIProtocols.swift in Sources */,
				DB9F7817261542F600FA362A /* IMDFDecoder.swift in Sources */,
				DB9F7819261542F600FA362A /* PointAnnotationView.swift in Sources */,
				DBE85004261D2B3400C848C3 /* Building+Schema.swift in Sources */,
				DBE85001261D2B3400C848C3 /* IoT+Schema.swift in Sources */,
				DB9D00B8261547C20025269D /* UpdateLocationUseCase.swift in Sources */,
				DB9D00BA261547C20025269D /* UpdateDeviceTokenIdUseCase.swift in Sources */,
				DB9D00B7261547C20025269D /* RemoteCommands.swift in Sources */,
				DBE8504E261E655A00C848C3 /* CRUDIoTUseCase.swift in Sources */,
				DBE85000261D2B3400C848C3 /* Edge+Schema.swift in Sources */,
				DB9F7818261542F600FA362A /* IndoorMapViewController.swift in Sources */,
				DB9F7825261542F600FA362A /* IndoorMapViewController+LocationManagerDelegate.swift in Sources */,
				DB9D00B9261547C20025269D /* CreateUserUseCase.swift in Sources */,
				DBE85027261D3F1600C848C3 /* BuildingAmplifyAPI.swift in Sources */,
				DB01EDB42630FF80001CA346 /* IoTUseCases.swift in Sources */,
				DB9F7816261542F600FA362A /* Styles.swift in Sources */,
				DB9D00B4261547C20025269D /* MobileUserAmplifyAPI.swift in Sources */,
				DBE85002261D2B3400C848C3 /* AmplifyModels.swift in Sources */,
				DBBA4D432612ACDE00A30E9F /* AppDelegate.swift in Sources */,
				DBE84FFE261D2B3400C848C3 /* Building.swift in Sources */,
				DB6FFF75261FD2E800B75415 /* SettingsTVC.swift in Sources */,
				DB075BDF262A536D004971E8 /* BlockedAreas.swift in Sources */,
				DB9D0099261546630025269D /* Pulsing.swift in Sources */,
				DB9F781E261542F600FA362A /* Venue.swift in Sources */,
				DB9F781C261542F600FA362A /* Feature.swift in Sources */,
				DB9F7820261542F600FA362A /* Amenity.swift in Sources */,
				DBE85053261E954F00C848C3 /* EdgeAmplifyAPI.swift in Sources */,
				DBE84FFD261D2B3400C848C3 /* Edge.swift in Sources */,
				DB9F7824261542F600FA362A /* Level.swift in Sources */,
				DB6FFF90261FE12600B75415 /* BuildingUseCase.swift in Sources */,
				DBA27C452620D2430071C4AB /* IoTTableViewCell.swift in Sources */,
				DB9F7815261542F600FA362A /* IndoorMapViewController+MKMapViewDelegate.swift in Sources */,
				DB9F781A261542F600FA362A /* LevelPickerView.swift in Sources */,
				DB9F7822261542F600FA362A /* LocalizedName.swift in Sources */,
				DB9F7823261542F600FA362A /* Opening.swift in Sources */,
				DBA27C382620C9050071C4AB /* AlertTableViewCell.swift in Sources */,
				DB9D00BB261547C20025269D /* UseCase.swift in Sources */,
				DBE85049261E629000C848C3 /* IoTAmplifyAPI.swift in Sources */,
				DB9F781F261542F600FA362A /* Unit.swift in Sources */,
				DBE85005261D2B3400C848C3 /* IoT.swift in Sources */,
				DB9F781B261542F600FA362A /* LabelAnnotationView.swift in Sources */,
				DB6FFF55261FBE8800B75415 /* DataUploader.swift in Sources */,
				DBE85003261D2B3400C848C3 /* MobileUser+Schema.swift in Sources */,
				DB9F7821261542F600FA362A /* Occupant.swift in Sources */,
				DBBA4D452612ACDE00A30E9F /* SceneDelegate.swift in Sources */,
				DBE84FFF261D2B3400C848C3 /* MobileUser.swift in Sources */,
			);
			runOnlyForDeploymentPostprocessing = 0;
		};
		DBBA4D512612ACDF00A30E9F /* Sources */ = {
			isa = PBXSourcesBuildPhase;
			buildActionMask = 2147483647;
			files = (
				DBBA4D5A2612ACDF00A30E9F /* iPadOS_Emergency_Indoor_NavTests.swift in Sources */,
			);
			runOnlyForDeploymentPostprocessing = 0;
		};
		DBBA4D5C2612ACDF00A30E9F /* Sources */ = {
			isa = PBXSourcesBuildPhase;
			buildActionMask = 2147483647;
			files = (
				DBBA4D652612ACDF00A30E9F /* iPadOS_Emergency_Indoor_NavUITests.swift in Sources */,
			);
			runOnlyForDeploymentPostprocessing = 0;
		};
/* End PBXSourcesBuildPhase section */

/* Begin PBXTargetDependency section */
		DBBA4D572612ACDF00A30E9F /* PBXTargetDependency */ = {
			isa = PBXTargetDependency;
			target = DBBA4D3E2612ACDE00A30E9F /* iPadOS_Emergency_Indoor_Nav */;
			targetProxy = DBBA4D562612ACDF00A30E9F /* PBXContainerItemProxy */;
		};
		DBBA4D622612ACDF00A30E9F /* PBXTargetDependency */ = {
			isa = PBXTargetDependency;
			target = DBBA4D3E2612ACDE00A30E9F /* iPadOS_Emergency_Indoor_Nav */;
			targetProxy = DBBA4D612612ACDF00A30E9F /* PBXContainerItemProxy */;
		};
/* End PBXTargetDependency section */

/* Begin PBXVariantGroup section */
		DBBA4D482612ACDE00A30E9F /* Main.storyboard */ = {
			isa = PBXVariantGroup;
			children = (
				DBBA4D492612ACDE00A30E9F /* Base */,
			);
			name = Main.storyboard;
			sourceTree = "<group>";
		};
		DBBA4D4D2612ACDE00A30E9F /* LaunchScreen.storyboard */ = {
			isa = PBXVariantGroup;
			children = (
				DBBA4D4E2612ACDE00A30E9F /* Base */,
			);
			name = LaunchScreen.storyboard;
			sourceTree = "<group>";
		};
/* End PBXVariantGroup section */

/* Begin XCBuildConfiguration section */
		DBBA4D672612ACDF00A30E9F /* Debug */ = {
			isa = XCBuildConfiguration;
			buildSettings = {
				ALWAYS_SEARCH_USER_PATHS = NO;
				CLANG_ANALYZER_NONNULL = YES;
				CLANG_ANALYZER_NUMBER_OBJECT_CONVERSION = YES_AGGRESSIVE;
				CLANG_CXX_LANGUAGE_STANDARD = "gnu++14";
				CLANG_CXX_LIBRARY = "libc++";
				CLANG_ENABLE_MODULES = YES;
				CLANG_ENABLE_OBJC_ARC = YES;
				CLANG_ENABLE_OBJC_WEAK = YES;
				CLANG_WARN_BLOCK_CAPTURE_AUTORELEASING = YES;
				CLANG_WARN_BOOL_CONVERSION = YES;
				CLANG_WARN_COMMA = YES;
				CLANG_WARN_CONSTANT_CONVERSION = YES;
				CLANG_WARN_DEPRECATED_OBJC_IMPLEMENTATIONS = YES;
				CLANG_WARN_DIRECT_OBJC_ISA_USAGE = YES_ERROR;
				CLANG_WARN_DOCUMENTATION_COMMENTS = YES;
				CLANG_WARN_EMPTY_BODY = YES;
				CLANG_WARN_ENUM_CONVERSION = YES;
				CLANG_WARN_INFINITE_RECURSION = YES;
				CLANG_WARN_INT_CONVERSION = YES;
				CLANG_WARN_NON_LITERAL_NULL_CONVERSION = YES;
				CLANG_WARN_OBJC_IMPLICIT_RETAIN_SELF = YES;
				CLANG_WARN_OBJC_LITERAL_CONVERSION = YES;
				CLANG_WARN_OBJC_ROOT_CLASS = YES_ERROR;
				CLANG_WARN_QUOTED_INCLUDE_IN_FRAMEWORK_HEADER = YES;
				CLANG_WARN_RANGE_LOOP_ANALYSIS = YES;
				CLANG_WARN_STRICT_PROTOTYPES = YES;
				CLANG_WARN_SUSPICIOUS_MOVE = YES;
				CLANG_WARN_UNGUARDED_AVAILABILITY = YES_AGGRESSIVE;
				CLANG_WARN_UNREACHABLE_CODE = YES;
				CLANG_WARN__DUPLICATE_METHOD_MATCH = YES;
				COPY_PHASE_STRIP = NO;
				DEBUG_INFORMATION_FORMAT = dwarf;
				ENABLE_STRICT_OBJC_MSGSEND = YES;
				ENABLE_TESTABILITY = YES;
				GCC_C_LANGUAGE_STANDARD = gnu11;
				GCC_DYNAMIC_NO_PIC = NO;
				GCC_NO_COMMON_BLOCKS = YES;
				GCC_OPTIMIZATION_LEVEL = 0;
				GCC_PREPROCESSOR_DEFINITIONS = (
					"DEBUG=1",
					"$(inherited)",
				);
				GCC_WARN_64_TO_32_BIT_CONVERSION = YES;
				GCC_WARN_ABOUT_RETURN_TYPE = YES_ERROR;
				GCC_WARN_UNDECLARED_SELECTOR = YES;
				GCC_WARN_UNINITIALIZED_AUTOS = YES_AGGRESSIVE;
				GCC_WARN_UNUSED_FUNCTION = YES;
				GCC_WARN_UNUSED_VARIABLE = YES;
				IPHONEOS_DEPLOYMENT_TARGET = 14.4;
				MTL_ENABLE_DEBUG_INFO = INCLUDE_SOURCE;
				MTL_FAST_MATH = YES;
				ONLY_ACTIVE_ARCH = YES;
				SDKROOT = iphoneos;
				SWIFT_ACTIVE_COMPILATION_CONDITIONS = DEBUG;
				SWIFT_OPTIMIZATION_LEVEL = "-Onone";
			};
			name = Debug;
		};
		DBBA4D682612ACDF00A30E9F /* Release */ = {
			isa = XCBuildConfiguration;
			buildSettings = {
				ALWAYS_SEARCH_USER_PATHS = NO;
				CLANG_ANALYZER_NONNULL = YES;
				CLANG_ANALYZER_NUMBER_OBJECT_CONVERSION = YES_AGGRESSIVE;
				CLANG_CXX_LANGUAGE_STANDARD = "gnu++14";
				CLANG_CXX_LIBRARY = "libc++";
				CLANG_ENABLE_MODULES = YES;
				CLANG_ENABLE_OBJC_ARC = YES;
				CLANG_ENABLE_OBJC_WEAK = YES;
				CLANG_WARN_BLOCK_CAPTURE_AUTORELEASING = YES;
				CLANG_WARN_BOOL_CONVERSION = YES;
				CLANG_WARN_COMMA = YES;
				CLANG_WARN_CONSTANT_CONVERSION = YES;
				CLANG_WARN_DEPRECATED_OBJC_IMPLEMENTATIONS = YES;
				CLANG_WARN_DIRECT_OBJC_ISA_USAGE = YES_ERROR;
				CLANG_WARN_DOCUMENTATION_COMMENTS = YES;
				CLANG_WARN_EMPTY_BODY = YES;
				CLANG_WARN_ENUM_CONVERSION = YES;
				CLANG_WARN_INFINITE_RECURSION = YES;
				CLANG_WARN_INT_CONVERSION = YES;
				CLANG_WARN_NON_LITERAL_NULL_CONVERSION = YES;
				CLANG_WARN_OBJC_IMPLICIT_RETAIN_SELF = YES;
				CLANG_WARN_OBJC_LITERAL_CONVERSION = YES;
				CLANG_WARN_OBJC_ROOT_CLASS = YES_ERROR;
				CLANG_WARN_QUOTED_INCLUDE_IN_FRAMEWORK_HEADER = YES;
				CLANG_WARN_RANGE_LOOP_ANALYSIS = YES;
				CLANG_WARN_STRICT_PROTOTYPES = YES;
				CLANG_WARN_SUSPICIOUS_MOVE = YES;
				CLANG_WARN_UNGUARDED_AVAILABILITY = YES_AGGRESSIVE;
				CLANG_WARN_UNREACHABLE_CODE = YES;
				CLANG_WARN__DUPLICATE_METHOD_MATCH = YES;
				COPY_PHASE_STRIP = NO;
				DEBUG_INFORMATION_FORMAT = "dwarf-with-dsym";
				ENABLE_NS_ASSERTIONS = NO;
				ENABLE_STRICT_OBJC_MSGSEND = YES;
				GCC_C_LANGUAGE_STANDARD = gnu11;
				GCC_NO_COMMON_BLOCKS = YES;
				GCC_WARN_64_TO_32_BIT_CONVERSION = YES;
				GCC_WARN_ABOUT_RETURN_TYPE = YES_ERROR;
				GCC_WARN_UNDECLARED_SELECTOR = YES;
				GCC_WARN_UNINITIALIZED_AUTOS = YES_AGGRESSIVE;
				GCC_WARN_UNUSED_FUNCTION = YES;
				GCC_WARN_UNUSED_VARIABLE = YES;
				IPHONEOS_DEPLOYMENT_TARGET = 14.4;
				MTL_ENABLE_DEBUG_INFO = NO;
				MTL_FAST_MATH = YES;
				SDKROOT = iphoneos;
				SWIFT_COMPILATION_MODE = wholemodule;
				SWIFT_OPTIMIZATION_LEVEL = "-O";
				VALIDATE_PRODUCT = YES;
			};
			name = Release;
		};
		DBBA4D6A2612ACDF00A30E9F /* Debug */ = {
			isa = XCBuildConfiguration;
			baseConfigurationReference = 044079E07CC5C566A61B17B1 /* Pods-iPadOS_Emergency_Indoor_Nav.debug.xcconfig */;
			buildSettings = {
				ASSETCATALOG_COMPILER_APPICON_NAME = AppIcon;
				ASSETCATALOG_COMPILER_GLOBAL_ACCENT_COLOR_NAME = AccentColor;
				CODE_SIGN_STYLE = Automatic;
				DEVELOPMENT_TEAM = G3B2ACWEFM;
				INFOPLIST_FILE = iPadOS_Emergency_Indoor_Nav/Info.plist;
				LD_RUNPATH_SEARCH_PATHS = (
					"$(inherited)",
					"@executable_path/Frameworks",
				);
				PRODUCT_BUNDLE_IDENTIFIER = "com.alquimia.iPadOS-Emergency-Indoor-Nav";
				PRODUCT_NAME = "$(TARGET_NAME)";
				SWIFT_VERSION = 5.0;
				TARGETED_DEVICE_FAMILY = "1,2";
			};
			name = Debug;
		};
		DBBA4D6B2612ACDF00A30E9F /* Release */ = {
			isa = XCBuildConfiguration;
			baseConfigurationReference = 6BEC9150E8B0012CBA2B98D1 /* Pods-iPadOS_Emergency_Indoor_Nav.release.xcconfig */;
			buildSettings = {
				ASSETCATALOG_COMPILER_APPICON_NAME = AppIcon;
				ASSETCATALOG_COMPILER_GLOBAL_ACCENT_COLOR_NAME = AccentColor;
				CODE_SIGN_STYLE = Automatic;
				DEVELOPMENT_TEAM = G3B2ACWEFM;
				INFOPLIST_FILE = iPadOS_Emergency_Indoor_Nav/Info.plist;
				LD_RUNPATH_SEARCH_PATHS = (
					"$(inherited)",
					"@executable_path/Frameworks",
				);
				PRODUCT_BUNDLE_IDENTIFIER = "com.alquimia.iPadOS-Emergency-Indoor-Nav";
				PRODUCT_NAME = "$(TARGET_NAME)";
				SWIFT_VERSION = 5.0;
				TARGETED_DEVICE_FAMILY = "1,2";
			};
			name = Release;
		};
		DBBA4D6D2612ACDF00A30E9F /* Debug */ = {
			isa = XCBuildConfiguration;
			baseConfigurationReference = 552C624EAC1E68C8C20B732E /* Pods-iPadOS_Emergency_Indoor_NavTests.debug.xcconfig */;
			buildSettings = {
				ALWAYS_EMBED_SWIFT_STANDARD_LIBRARIES = YES;
				BUNDLE_LOADER = "$(TEST_HOST)";
				CODE_SIGN_STYLE = Automatic;
				DEVELOPMENT_TEAM = G3B2ACWEFM;
				INFOPLIST_FILE = iPadOS_Emergency_Indoor_NavTests/Info.plist;
				IPHONEOS_DEPLOYMENT_TARGET = 14.4;
				LD_RUNPATH_SEARCH_PATHS = (
					"$(inherited)",
					"@executable_path/Frameworks",
					"@loader_path/Frameworks",
				);
				PRODUCT_BUNDLE_IDENTIFIER = "com.alquimia.iPadOS-Emergency-Indoor-NavTests";
				PRODUCT_NAME = "$(TARGET_NAME)";
				SWIFT_VERSION = 5.0;
				TARGETED_DEVICE_FAMILY = "1,2";
				TEST_HOST = "$(BUILT_PRODUCTS_DIR)/iPadOS_Emergency_Indoor_Nav.app/iPadOS_Emergency_Indoor_Nav";
			};
			name = Debug;
		};
		DBBA4D6E2612ACDF00A30E9F /* Release */ = {
			isa = XCBuildConfiguration;
			baseConfigurationReference = 97E9543B91BC5925251438B6 /* Pods-iPadOS_Emergency_Indoor_NavTests.release.xcconfig */;
			buildSettings = {
				ALWAYS_EMBED_SWIFT_STANDARD_LIBRARIES = YES;
				BUNDLE_LOADER = "$(TEST_HOST)";
				CODE_SIGN_STYLE = Automatic;
				DEVELOPMENT_TEAM = G3B2ACWEFM;
				INFOPLIST_FILE = iPadOS_Emergency_Indoor_NavTests/Info.plist;
				IPHONEOS_DEPLOYMENT_TARGET = 14.4;
				LD_RUNPATH_SEARCH_PATHS = (
					"$(inherited)",
					"@executable_path/Frameworks",
					"@loader_path/Frameworks",
				);
				PRODUCT_BUNDLE_IDENTIFIER = "com.alquimia.iPadOS-Emergency-Indoor-NavTests";
				PRODUCT_NAME = "$(TARGET_NAME)";
				SWIFT_VERSION = 5.0;
				TARGETED_DEVICE_FAMILY = "1,2";
				TEST_HOST = "$(BUILT_PRODUCTS_DIR)/iPadOS_Emergency_Indoor_Nav.app/iPadOS_Emergency_Indoor_Nav";
			};
			name = Release;
		};
		DBBA4D702612ACDF00A30E9F /* Debug */ = {
			isa = XCBuildConfiguration;
			baseConfigurationReference = F0B607BDFBC531854E7B643D /* Pods-iPadOS_Emergency_Indoor_Nav-iPadOS_Emergency_Indoor_NavUITests.debug.xcconfig */;
			buildSettings = {
				ALWAYS_EMBED_SWIFT_STANDARD_LIBRARIES = YES;
				CODE_SIGN_STYLE = Automatic;
				DEVELOPMENT_TEAM = G3B2ACWEFM;
				INFOPLIST_FILE = iPadOS_Emergency_Indoor_NavUITests/Info.plist;
				LD_RUNPATH_SEARCH_PATHS = (
					"$(inherited)",
					"@executable_path/Frameworks",
					"@loader_path/Frameworks",
				);
				PRODUCT_BUNDLE_IDENTIFIER = "com.alquimia.iPadOS-Emergency-Indoor-NavUITests";
				PRODUCT_NAME = "$(TARGET_NAME)";
				SWIFT_VERSION = 5.0;
				TARGETED_DEVICE_FAMILY = "1,2";
				TEST_TARGET_NAME = iPadOS_Emergency_Indoor_Nav;
			};
			name = Debug;
		};
		DBBA4D712612ACDF00A30E9F /* Release */ = {
			isa = XCBuildConfiguration;
			baseConfigurationReference = 1E3FEC2089C5AEAFECEA0A38 /* Pods-iPadOS_Emergency_Indoor_Nav-iPadOS_Emergency_Indoor_NavUITests.release.xcconfig */;
			buildSettings = {
				ALWAYS_EMBED_SWIFT_STANDARD_LIBRARIES = YES;
				CODE_SIGN_STYLE = Automatic;
				DEVELOPMENT_TEAM = G3B2ACWEFM;
				INFOPLIST_FILE = iPadOS_Emergency_Indoor_NavUITests/Info.plist;
				LD_RUNPATH_SEARCH_PATHS = (
					"$(inherited)",
					"@executable_path/Frameworks",
					"@loader_path/Frameworks",
				);
				PRODUCT_BUNDLE_IDENTIFIER = "com.alquimia.iPadOS-Emergency-Indoor-NavUITests";
				PRODUCT_NAME = "$(TARGET_NAME)";
				SWIFT_VERSION = 5.0;
				TARGETED_DEVICE_FAMILY = "1,2";
				TEST_TARGET_NAME = iPadOS_Emergency_Indoor_Nav;
			};
			name = Release;
		};
/* End XCBuildConfiguration section */

/* Begin XCConfigurationList section */
		DBBA4D3A2612ACDE00A30E9F /* Build configuration list for PBXProject "iPadOS_Emergency_Indoor_Nav" */ = {
			isa = XCConfigurationList;
			buildConfigurations = (
				DBBA4D672612ACDF00A30E9F /* Debug */,
				DBBA4D682612ACDF00A30E9F /* Release */,
			);
			defaultConfigurationIsVisible = 0;
			defaultConfigurationName = Release;
		};
		DBBA4D692612ACDF00A30E9F /* Build configuration list for PBXNativeTarget "iPadOS_Emergency_Indoor_Nav" */ = {
			isa = XCConfigurationList;
			buildConfigurations = (
				DBBA4D6A2612ACDF00A30E9F /* Debug */,
				DBBA4D6B2612ACDF00A30E9F /* Release */,
			);
			defaultConfigurationIsVisible = 0;
			defaultConfigurationName = Release;
		};
		DBBA4D6C2612ACDF00A30E9F /* Build configuration list for PBXNativeTarget "iPadOS_Emergency_Indoor_NavTests" */ = {
			isa = XCConfigurationList;
			buildConfigurations = (
				DBBA4D6D2612ACDF00A30E9F /* Debug */,
				DBBA4D6E2612ACDF00A30E9F /* Release */,
			);
			defaultConfigurationIsVisible = 0;
			defaultConfigurationName = Release;
		};
		DBBA4D6F2612ACDF00A30E9F /* Build configuration list for PBXNativeTarget "iPadOS_Emergency_Indoor_NavUITests" */ = {
			isa = XCConfigurationList;
			buildConfigurations = (
				DBBA4D702612ACDF00A30E9F /* Debug */,
				DBBA4D712612ACDF00A30E9F /* Release */,
			);
			defaultConfigurationIsVisible = 0;
			defaultConfigurationName = Release;
		};
/* End XCConfigurationList section */
	};
	rootObject = DBBA4D372612ACDE00A30E9F /* Project object */;
}
